// !$*UTF8*$!
{
	archiveVersion = 1;
	classes = {
	};
	objectVersion = 46;
	objects = {

/* Begin PBXBuildFile section */
		691278141C25E4CF006A7834 /* actobj.fth in CopyFiles */ = {isa = PBXBuildFile; fileRef = 691277C81C25E494006A7834 /* actobj.fth */; };
		691278151C25E4CF006A7834 /* allocator.fth in CopyFiles */ = {isa = PBXBuildFile; fileRef = 691277C91C25E494006A7834 /* allocator.fth */; };
		691278161C25E4CF006A7834 /* bevel.fth in CopyFiles */ = {isa = PBXBuildFile; fileRef = 691277CA1C25E494006A7834 /* bevel.fth */; };
		691278171C25E4CF006A7834 /* build_menus.fth in CopyFiles */ = {isa = PBXBuildFile; fileRef = 691277CB1C25E494006A7834 /* build_menus.fth */; };
		691278181C25E4CF006A7834 /* c_struct.fth in CopyFiles */ = {isa = PBXBuildFile; fileRef = 691277CC1C25E494006A7834 /* c_struct.fth */; };
		691278191C25E4CF006A7834 /* charmacr.fth in CopyFiles */ = {isa = PBXBuildFile; fileRef = 691277CD1C25E494006A7834 /* charmacr.fth */; };
		6912781A1C25E4CF006A7834 /* circular.fth in CopyFiles */ = {isa = PBXBuildFile; fileRef = 691277CE1C25E494006A7834 /* circular.fth */; };
		6912781B1C25E4CF006A7834 /* collection.fth in CopyFiles */ = {isa = PBXBuildFile; fileRef = 691277CF1C25E494006A7834 /* collection.fth */; };
		6912781C1C25E4CF006A7834 /* control.fth in CopyFiles */ = {isa = PBXBuildFile; fileRef = 691277D01C25E494006A7834 /* control.fth */; };
		6912781D1C25E4CF006A7834 /* ctrl_count.fth in CopyFiles */ = {isa = PBXBuildFile; fileRef = 691277D11C25E494006A7834 /* ctrl_count.fth */; };
		6912781E1C25E4CF006A7834 /* ctrl_fader.fth in CopyFiles */ = {isa = PBXBuildFile; fileRef = 691277D21C25E494006A7834 /* ctrl_fader.fth */; };
		6912781F1C25E4CF006A7834 /* ctrl_numeric.fth in CopyFiles */ = {isa = PBXBuildFile; fileRef = 691277D31C25E494006A7834 /* ctrl_numeric.fth */; };
		691278201C25E4CF006A7834 /* ctrl_text.fth in CopyFiles */ = {isa = PBXBuildFile; fileRef = 691277D41C25E494006A7834 /* ctrl_text.fth */; };
		691278211C25E4CF006A7834 /* ctrl_xy.fth in CopyFiles */ = {isa = PBXBuildFile; fileRef = 691277D51C25E494006A7834 /* ctrl_xy.fth */; };
		691278221C25E4CF006A7834 /* dbl_list.fth in CopyFiles */ = {isa = PBXBuildFile; fileRef = 691277D61C25E494006A7834 /* dbl_list.fth */; };
		691278231C25E4CF006A7834 /* deck.fth in CopyFiles */ = {isa = PBXBuildFile; fileRef = 691277D71C25E494006A7834 /* deck.fth */; };
		691278241C25E4CF006A7834 /* elmnts.fth in CopyFiles */ = {isa = PBXBuildFile; fileRef = 691277D81C25E494006A7834 /* elmnts.fth */; };
		691278251C25E4CF006A7834 /* errormsg.fth in CopyFiles */ = {isa = PBXBuildFile; fileRef = 691277D91C25E494006A7834 /* errormsg.fth */; };
		691278261C25E4CF006A7834 /* event_list.fth in CopyFiles */ = {isa = PBXBuildFile; fileRef = 691277DA1C25E494006A7834 /* event_list.fth */; };
		691278271C25E4CF006A7834 /* exmember.fth in CopyFiles */ = {isa = PBXBuildFile; fileRef = 691277DB1C25E494006A7834 /* exmember.fth */; };
		691278281C25E4CF006A7834 /* global_data.fth in CopyFiles */ = {isa = PBXBuildFile; fileRef = 691277DC1C25E494006A7834 /* global_data.fth */; };
		691278291C25E4CF006A7834 /* graph_util.fth in CopyFiles */ = {isa = PBXBuildFile; fileRef = 691277DD1C25E494006A7834 /* graph_util.fth */; };
		6912782A1C25E4CF006A7834 /* graphics.fth in CopyFiles */ = {isa = PBXBuildFile; fileRef = 691277DE1C25E494006A7834 /* graphics.fth */; };
		6912782B1C25E4CF006A7834 /* hmsl_top.fth in CopyFiles */ = {isa = PBXBuildFile; fileRef = 691277DF1C25E494006A7834 /* hmsl_top.fth */; };
		6912782C1C25E4CF006A7834 /* hmsl_version.fth in CopyFiles */ = {isa = PBXBuildFile; fileRef = 691277E01C25E494006A7834 /* hmsl_version.fth */; };
		6912782D1C25E4CF006A7834 /* instrument.fth in CopyFiles */ = {isa = PBXBuildFile; fileRef = 691277E11C25E494006A7834 /* instrument.fth */; };
		6912782E1C25E4CF006A7834 /* interpreters.fth in CopyFiles */ = {isa = PBXBuildFile; fileRef = 691277E21C25E494006A7834 /* interpreters.fth */; };
		6912782F1C25E4CF006A7834 /* job.fth in CopyFiles */ = {isa = PBXBuildFile; fileRef = 691277E31C25E494006A7834 /* job.fth */; };
		691278301C25E4CF006A7834 /* load_hmsl.fth in CopyFiles */ = {isa = PBXBuildFile; fileRef = 691277E41C25E494006A7834 /* load_hmsl.fth */; };
		691278311C25E4CF006A7834 /* load_ode.fth in CopyFiles */ = {isa = PBXBuildFile; fileRef = 691277E51C25E494006A7834 /* load_ode.fth */; };
		691278321C25E4CF006A7834 /* make_hmsl.fth in CopyFiles */ = {isa = PBXBuildFile; fileRef = 691277E61C25E494006A7834 /* make_hmsl.fth */; };
		691278341C25E4CF006A7834 /* memalloc.fth in CopyFiles */ = {isa = PBXBuildFile; fileRef = 691277E81C25E494006A7834 /* memalloc.fth */; };
		691278351C25E4CF006A7834 /* midi_globals.fth in CopyFiles */ = {isa = PBXBuildFile; fileRef = 691277E91C25E494006A7834 /* midi_globals.fth */; };
		691278361C25E4CF006A7834 /* midi_instrument.fth in CopyFiles */ = {isa = PBXBuildFile; fileRef = 691277EA1C25E494006A7834 /* midi_instrument.fth */; };
		691278371C25E4CF006A7834 /* midi_parser.fth in CopyFiles */ = {isa = PBXBuildFile; fileRef = 691277EB1C25E494006A7834 /* midi_parser.fth */; };
		691278381C25E4CF006A7834 /* midi_stubs.fth in CopyFiles */ = {isa = PBXBuildFile; fileRef = 691277EC1C25E494006A7834 /* midi_stubs.fth */; };
		691278391C25E4CF006A7834 /* midi_text.fth in CopyFiles */ = {isa = PBXBuildFile; fileRef = 691277ED1C25E494006A7834 /* midi_text.fth */; };
		6912783A1C25E4CF006A7834 /* midi.fth in CopyFiles */ = {isa = PBXBuildFile; fileRef = 691277EE1C25E494006A7834 /* midi.fth */; };
		6912783B1C25E4CF006A7834 /* misc_tools.fth in CopyFiles */ = {isa = PBXBuildFile; fileRef = 691277EF1C25E494006A7834 /* misc_tools.fth */; };
		6912783C1C25E4CF006A7834 /* morph_lists.fth in CopyFiles */ = {isa = PBXBuildFile; fileRef = 691277F01C25E494006A7834 /* morph_lists.fth */; };
		6912783D1C25E4CF006A7834 /* morph.fth in CopyFiles */ = {isa = PBXBuildFile; fileRef = 691277F11C25E494006A7834 /* morph.fth */; };
		6912783E1C25E4CF006A7834 /* ob_array.fth in CopyFiles */ = {isa = PBXBuildFile; fileRef = 691277F21C25E494006A7834 /* ob_array.fth */; };
		6912783F1C25E4CF006A7834 /* ob_bind.fth in CopyFiles */ = {isa = PBXBuildFile; fileRef = 691277F31C25E494006A7834 /* ob_bind.fth */; };
		691278401C25E4CF006A7834 /* ob_dlist.fth in CopyFiles */ = {isa = PBXBuildFile; fileRef = 691277F41C25E494006A7834 /* ob_dlist.fth */; };
		691278411C25E4CF006A7834 /* ob_ivars.fth in CopyFiles */ = {isa = PBXBuildFile; fileRef = 691277F51C25E494006A7834 /* ob_ivars.fth */; };
		691278421C25E4CF006A7834 /* ob_main.fth in CopyFiles */ = {isa = PBXBuildFile; fileRef = 691277F61C25E494006A7834 /* ob_main.fth */; };
		691278431C25E4CF006A7834 /* ob_stack.fth in CopyFiles */ = {isa = PBXBuildFile; fileRef = 691277F71C25E494006A7834 /* ob_stack.fth */; };
		691278441C25E4CF006A7834 /* obmethod.fth in CopyFiles */ = {isa = PBXBuildFile; fileRef = 691277F81C25E494006A7834 /* obmethod.fth */; };
		691278451C25E4CF006A7834 /* obobject.fth in CopyFiles */ = {isa = PBXBuildFile; fileRef = 691277F91C25E494006A7834 /* obobject.fth */; };
		691278461C25E4CF006A7834 /* p4thbase.fth in CopyFiles */ = {isa = PBXBuildFile; fileRef = 691277FA1C25E494006A7834 /* p4thbase.fth */; };
		691278471C25E4CF006A7834 /* packed_midi.fth in CopyFiles */ = {isa = PBXBuildFile; fileRef = 691277FB1C25E494006A7834 /* packed_midi.fth */; };
		691278481C25E4CF006A7834 /* player.fth in CopyFiles */ = {isa = PBXBuildFile; fileRef = 691277FC1C25E494006A7834 /* player.fth */; };
		691278491C25E4CF006A7834 /* popup_text.fth in CopyFiles */ = {isa = PBXBuildFile; fileRef = 691277FD1C25E494006A7834 /* popup_text.fth */; };
		6912784A1C25E4CF006A7834 /* production.fth in CopyFiles */ = {isa = PBXBuildFile; fileRef = 691277FE1C25E494006A7834 /* production.fth */; };
		6912784B1C25E4CF006A7834 /* record.fth in CopyFiles */ = {isa = PBXBuildFile; fileRef = 691277FF1C25E494006A7834 /* record.fth */; };
		6912784C1C25E4CF006A7834 /* scg.fth in CopyFiles */ = {isa = PBXBuildFile; fileRef = 691278001C25E494006A7834 /* scg.fth */; };
		6912784D1C25E4CF006A7834 /* screen.fth in CopyFiles */ = {isa = PBXBuildFile; fileRef = 691278011C25E494006A7834 /* screen.fth */; };
		6912784E1C25E4CF006A7834 /* service_tasks.fth in CopyFiles */ = {isa = PBXBuildFile; fileRef = 691278021C25E494006A7834 /* service_tasks.fth */; };
		6912784F1C25E4CF006A7834 /* set_vectors.fth in CopyFiles */ = {isa = PBXBuildFile; fileRef = 691278031C25E494006A7834 /* set_vectors.fth */; };
		691278501C25E4CF006A7834 /* shape_editor.fth in CopyFiles */ = {isa = PBXBuildFile; fileRef = 691278041C25E494006A7834 /* shape_editor.fth */; };
		691278511C25E4CF006A7834 /* shape.fth in CopyFiles */ = {isa = PBXBuildFile; fileRef = 691278051C25E494006A7834 /* shape.fth */; };
		691278521C25E4CF006A7834 /* stacks.fth in CopyFiles */ = {isa = PBXBuildFile; fileRef = 691278061C25E494006A7834 /* stacks.fth */; };
		691278531C25E4CF006A7834 /* startup.fth in CopyFiles */ = {isa = PBXBuildFile; fileRef = 691278071C25E494006A7834 /* startup.fth */; };
		691278541C25E4CF006A7834 /* stock_morphs.fth in CopyFiles */ = {isa = PBXBuildFile; fileRef = 691278081C25E494006A7834 /* stock_morphs.fth */; };
		691278551C25E4CF006A7834 /* structure.fth in CopyFiles */ = {isa = PBXBuildFile; fileRef = 691278091C25E494006A7834 /* structure.fth */; };
		691278561C25E4CF006A7834 /* stubs.fth in CopyFiles */ = {isa = PBXBuildFile; fileRef = 6912780A1C25E494006A7834 /* stubs.fth */; };
		691278571C25E4CF006A7834 /* test_events.fth in CopyFiles */ = {isa = PBXBuildFile; fileRef = 6912780B1C25E494006A7834 /* test_events.fth */; };
		691278581C25E4CF006A7834 /* test_graphics.fth in CopyFiles */ = {isa = PBXBuildFile; fileRef = 6912780C1C25E494006A7834 /* test_graphics.fth */; };
		691278591C25E4CF006A7834 /* test_ode_locals.fth in CopyFiles */ = {isa = PBXBuildFile; fileRef = 6912780D1C25E494006A7834 /* test_ode_locals.fth */; };
		6912785A1C25E4CF006A7834 /* test_ode.fth in CopyFiles */ = {isa = PBXBuildFile; fileRef = 6912780E1C25E494006A7834 /* test_ode.fth */; };
		6912785B1C25E4CF006A7834 /* time.fth in CopyFiles */ = {isa = PBXBuildFile; fileRef = 6912780F1C25E494006A7834 /* time.fth */; };
		6912785C1C25E4CF006A7834 /* top.fth in CopyFiles */ = {isa = PBXBuildFile; fileRef = 691278101C25E494006A7834 /* top.fth */; };
		6912785D1C25E4CF006A7834 /* translators.fth in CopyFiles */ = {isa = PBXBuildFile; fileRef = 691278111C25E494006A7834 /* translators.fth */; };
		6912785E1C25E4CF006A7834 /* utils.fth in CopyFiles */ = {isa = PBXBuildFile; fileRef = 691278121C25E494006A7834 /* utils.fth */; };
		6912785F1C25E4E6006A7834 /* pforth_system.dic in Copy Files */ = {isa = PBXBuildFile; fileRef = 691277C71C25E46E006A7834 /* pforth_system.dic */; };
		691278711C25E936006A7834 /* 2d_transform.fth in CopyFiles */ = {isa = PBXBuildFile; fileRef = 691278621C25E922006A7834 /* 2d_transform.fth */; };
		691278721C25E936006A7834 /* bend_score.fth in CopyFiles */ = {isa = PBXBuildFile; fileRef = 691278631C25E922006A7834 /* bend_score.fth */; };
		691278731C25E936006A7834 /* bend_tuning.fth in CopyFiles */ = {isa = PBXBuildFile; fileRef = 691278641C25E922006A7834 /* bend_tuning.fth */; };
		691278741C25E936006A7834 /* calc_ntet.fth in CopyFiles */ = {isa = PBXBuildFile; fileRef = 691278651C25E922006A7834 /* calc_ntet.fth */; };
		691278751C25E936006A7834 /* clocker.fth in CopyFiles */ = {isa = PBXBuildFile; fileRef = 691278661C25E922006A7834 /* clocker.fth */; };
		691278761C25E936006A7834 /* file_port.fth in CopyFiles */ = {isa = PBXBuildFile; fileRef = 691278671C25E922006A7834 /* file_port.fth */; };
		691278771C25E936006A7834 /* file_xfer.fth in CopyFiles */ = {isa = PBXBuildFile; fileRef = 691278681C25E922006A7834 /* file_xfer.fth */; };
		691278781C25E936006A7834 /* markov_chain.fth in CopyFiles */ = {isa = PBXBuildFile; fileRef = 691278691C25E922006A7834 /* markov_chain.fth */; };
		691278791C25E936006A7834 /* midifile.fth in CopyFiles */ = {isa = PBXBuildFile; fileRef = 6912786A1C25E922006A7834 /* midifile.fth */; };
		6912787A1C25E936006A7834 /* rw_shape.fth in CopyFiles */ = {isa = PBXBuildFile; fileRef = 6912786B1C25E922006A7834 /* rw_shape.fth */; };
		6912787B1C25E936006A7834 /* score_entry.fth in CopyFiles */ = {isa = PBXBuildFile; fileRef = 6912786C1C25E922006A7834 /* score_entry.fth */; };
		6912787C1C25E936006A7834 /* screen_editor.fth in CopyFiles */ = {isa = PBXBuildFile; fileRef = 6912786D1C25E922006A7834 /* screen_editor.fth */; };
		6912787D1C25E936006A7834 /* sine_table.fth in CopyFiles */ = {isa = PBXBuildFile; fileRef = 6912786E1C25E922006A7834 /* sine_table.fth */; };
		6912787E1C25E936006A7834 /* tracks.fth in CopyFiles */ = {isa = PBXBuildFile; fileRef = 6912786F1C25E922006A7834 /* tracks.fth */; };
		691278801C272F8B006A7834 /* hmsl.icns in Resources */ = {isa = PBXBuildFile; fileRef = 6912787F1C272F6E006A7834 /* hmsl.icns */; };
		691894171B8699CC0091AAF3 /* hmsl_cocoa_glue.m in Sources */ = {isa = PBXBuildFile; fileRef = 691894161B8699CC0091AAF3 /* hmsl_cocoa_glue.m */; };
		692DBB931B754FBC009F889B /* HMSLWindow.m in Sources */ = {isa = PBXBuildFile; fileRef = 692DBB921B754FBC009F889B /* HMSLWindow.m */; };
		69500CD31C2865D200DACCD2 /* cond_comp.fth in CopyFiles */ = {isa = PBXBuildFile; fileRef = 69500CD21C2865B000DACCD2 /* cond_comp.fth */; };
		6972FAD81A9A65CD0008E2E4 /* HMSLDelegate.m in Sources */ = {isa = PBXBuildFile; fileRef = 6972FAD71A9A65CD0008E2E4 /* HMSLDelegate.m */; };
		6972FAE01A9A7BDE0008E2E4 /* HMSLWindowDelegate.m in Sources */ = {isa = PBXBuildFile; fileRef = 6972FADF1A9A7BDE0008E2E4 /* HMSLWindowDelegate.m */; };
		6972FB391A9A98D10008E2E4 /* hmsl_main.m in Sources */ = {isa = PBXBuildFile; fileRef = 6972FB381A9A98D10008E2E4 /* hmsl_main.m */; };
		6972FB601A9A99970008E2E4 /* HMSLApplication.m in Sources */ = {isa = PBXBuildFile; fileRef = 6972FB5F1A9A99970008E2E4 /* HMSLApplication.m */; };
		6972FB791A9AAE6B0008E2E4 /* HMSLRunner.m in Sources */ = {isa = PBXBuildFile; fileRef = 6972FB781A9AAE6B0008E2E4 /* HMSLRunner.m */; };
		6972FB7D1A9AE25A0008E2E4 /* HMSLView.m in Sources */ = {isa = PBXBuildFile; fileRef = 6972FB7C1A9AE25A0008E2E4 /* HMSLView.m */; };
		6985ABCB1A785472003BC422 /* pf_cglue.c in Sources */ = {isa = PBXBuildFile; fileRef = 6985ABA81A785472003BC422 /* pf_cglue.c */; };
		6985ABCC1A785472003BC422 /* pf_clib.c in Sources */ = {isa = PBXBuildFile; fileRef = 6985ABAA1A785472003BC422 /* pf_clib.c */; };
		6985ABCD1A785472003BC422 /* pf_core.c in Sources */ = {isa = PBXBuildFile; fileRef = 6985ABAC1A785472003BC422 /* pf_core.c */; };
		6985ABCE1A785472003BC422 /* pf_inner.c in Sources */ = {isa = PBXBuildFile; fileRef = 6985ABB21A785472003BC422 /* pf_inner.c */; };
		6985ABCF1A785472003BC422 /* pf_io_none.c in Sources */ = {isa = PBXBuildFile; fileRef = 6985ABB31A785472003BC422 /* pf_io_none.c */; };
		6985ABD01A785472003BC422 /* pf_io.c in Sources */ = {isa = PBXBuildFile; fileRef = 6985ABB41A785472003BC422 /* pf_io.c */; };
		6985ABD21A785472003BC422 /* pf_mem.c in Sources */ = {isa = PBXBuildFile; fileRef = 6985ABB71A785472003BC422 /* pf_mem.c */; };
		6985ABD31A785472003BC422 /* pf_save.c in Sources */ = {isa = PBXBuildFile; fileRef = 6985ABB91A785472003BC422 /* pf_save.c */; };
		6985ABD41A785472003BC422 /* pf_text.c in Sources */ = {isa = PBXBuildFile; fileRef = 6985ABBB1A785472003BC422 /* pf_text.c */; };
		6985ABD51A785472003BC422 /* pf_words.c in Sources */ = {isa = PBXBuildFile; fileRef = 6985ABBE1A785472003BC422 /* pf_words.c */; };
		6985ABD61A785472003BC422 /* pfcompil.c in Sources */ = {isa = PBXBuildFile; fileRef = 6985ABC11A785472003BC422 /* pfcompil.c */; };
		6985ABD81A785472003BC422 /* pf_io_posix.c in Sources */ = {isa = PBXBuildFile; fileRef = 6985ABC81A785472003BC422 /* pf_io_posix.c */; };
		6985ABDB1A785636003BC422 /* hmsl.c in Sources */ = {isa = PBXBuildFile; fileRef = 6985ABDA1A785636003BC422 /* hmsl.c */; };
		6985ABDE1A785731003BC422 /* hmsl_midi.m in Sources */ = {isa = PBXBuildFile; fileRef = 6985ABDD1A785731003BC422 /* hmsl_midi.m */; };
		6985ABE11A785941003BC422 /* hmsl_gui.c in Sources */ = {isa = PBXBuildFile; fileRef = 6985ABE01A785941003BC422 /* hmsl_gui.c */; };
		698C07F51B8BAECA00C26E91 /* MainMenu.xib in Resources */ = {isa = PBXBuildFile; fileRef = 6972FB491A9A996B0008E2E4 /* MainMenu.xib */; };
		698C07FA1B8BB26800C26E91 /* hmsl.c in Sources */ = {isa = PBXBuildFile; fileRef = 6985ABDA1A785636003BC422 /* hmsl.c */; };
		698C07FB1B8BB26800C26E91 /* hmsl_gui.c in Sources */ = {isa = PBXBuildFile; fileRef = 6985ABE01A785941003BC422 /* hmsl_gui.c */; };
		698C07FD1B8BB26800C26E91 /* hmsl_midi.m in Sources */ = {isa = PBXBuildFile; fileRef = 6985ABDD1A785731003BC422 /* hmsl_midi.m */; };
		698C07FE1B8BB26800C26E91 /* hmsl_cocoa_glue.m in Sources */ = {isa = PBXBuildFile; fileRef = 691894161B8699CC0091AAF3 /* hmsl_cocoa_glue.m */; };
		698C08001B8BB26800C26E91 /* HMSLDelegate.m in Sources */ = {isa = PBXBuildFile; fileRef = 6972FAD71A9A65CD0008E2E4 /* HMSLDelegate.m */; };
		698C08021B8BB26800C26E91 /* HMSLApplication.m in Sources */ = {isa = PBXBuildFile; fileRef = 6972FB5F1A9A99970008E2E4 /* HMSLApplication.m */; };
		698C08041B8BB26800C26E91 /* HMSLWindow.m in Sources */ = {isa = PBXBuildFile; fileRef = 692DBB921B754FBC009F889B /* HMSLWindow.m */; };
		698C08061B8BB26800C26E91 /* HMSLWindowDelegate.m in Sources */ = {isa = PBXBuildFile; fileRef = 6972FADF1A9A7BDE0008E2E4 /* HMSLWindowDelegate.m */; };
		698C08081B8BB26800C26E91 /* HMSLRunner.m in Sources */ = {isa = PBXBuildFile; fileRef = 6972FB781A9AAE6B0008E2E4 /* HMSLRunner.m */; };
		698C080A1B8BB26800C26E91 /* HMSLView.m in Sources */ = {isa = PBXBuildFile; fileRef = 6972FB7C1A9AE25A0008E2E4 /* HMSLView.m */; };
		698C080B1B8BB2C500C26E91 /* pf_core.c in Sources */ = {isa = PBXBuildFile; fileRef = 6985ABAC1A785472003BC422 /* pf_core.c */; };
		698C080C1B8BB2C500C26E91 /* pf_mem.c in Sources */ = {isa = PBXBuildFile; fileRef = 6985ABB71A785472003BC422 /* pf_mem.c */; };
		698C080D1B8BB2C500C26E91 /* pf_save.c in Sources */ = {isa = PBXBuildFile; fileRef = 6985ABB91A785472003BC422 /* pf_save.c */; };
		698C080E1B8BB2C500C26E91 /* pf_text.c in Sources */ = {isa = PBXBuildFile; fileRef = 6985ABBB1A785472003BC422 /* pf_text.c */; };
		698C080F1B8BB2C500C26E91 /* pf_io_posix.c in Sources */ = {isa = PBXBuildFile; fileRef = 6985ABC81A785472003BC422 /* pf_io_posix.c */; };
		698C08101B8BB2DF00C26E91 /* pf_cglue.c in Sources */ = {isa = PBXBuildFile; fileRef = 6985ABA81A785472003BC422 /* pf_cglue.c */; };
		698C08111B8BB2DF00C26E91 /* pf_clib.c in Sources */ = {isa = PBXBuildFile; fileRef = 6985ABAA1A785472003BC422 /* pf_clib.c */; };
		698C08121B8BB2DF00C26E91 /* pf_inner.c in Sources */ = {isa = PBXBuildFile; fileRef = 6985ABB21A785472003BC422 /* pf_inner.c */; };
		698C08131B8BB2DF00C26E91 /* pf_io.c in Sources */ = {isa = PBXBuildFile; fileRef = 6985ABB41A785472003BC422 /* pf_io.c */; };
		698C08141B8BB2F400C26E91 /* pf_io_none.c in Sources */ = {isa = PBXBuildFile; fileRef = 6985ABB31A785472003BC422 /* pf_io_none.c */; };
		698C08151B8BB2F400C26E91 /* pfcompil.c in Sources */ = {isa = PBXBuildFile; fileRef = 6985ABC11A785472003BC422 /* pfcompil.c */; };
		698C08161B8BB2FE00C26E91 /* pf_words.c in Sources */ = {isa = PBXBuildFile; fileRef = 6985ABBE1A785472003BC422 /* pf_words.c */; };
		698C08181B8BB3B900C26E91 /* hmsl_bundle_main.m in Sources */ = {isa = PBXBuildFile; fileRef = 698C08171B8BB3B900C26E91 /* hmsl_bundle_main.m */; };
		698C084D1B8CE01E00C26E91 /* start_hmsl.sh in Copy Files */ = {isa = PBXBuildFile; fileRef = 698C08471B8CE00E00C26E91 /* start_hmsl.sh */; };
		698C084E1B8CE01E00C26E91 /* runner.sh in Copy Files */ = {isa = PBXBuildFile; fileRef = 698C08481B8CE00E00C26E91 /* runner.sh */; };
		698C08521B8CE65A00C26E91 /* ChicagoFLF.ttf in CopyFiles */ = {isa = PBXBuildFile; fileRef = 698C084F1B8CE54600C26E91 /* ChicagoFLF.ttf */; };
/* End PBXBuildFile section */

/* Begin PBXCopyFilesBuildPhase section */
		691278131C25E4BF006A7834 /* CopyFiles */ = {
			isa = PBXCopyFilesBuildPhase;
			buildActionMask = 2147483647;
			dstPath = fth;
			dstSubfolderSpec = 6;
			files = (
				69500CD31C2865D200DACCD2 /* cond_comp.fth in CopyFiles */,
				691278141C25E4CF006A7834 /* actobj.fth in CopyFiles */,
				691278151C25E4CF006A7834 /* allocator.fth in CopyFiles */,
				691278161C25E4CF006A7834 /* bevel.fth in CopyFiles */,
				691278171C25E4CF006A7834 /* build_menus.fth in CopyFiles */,
				691278181C25E4CF006A7834 /* c_struct.fth in CopyFiles */,
				691278191C25E4CF006A7834 /* charmacr.fth in CopyFiles */,
				6912781A1C25E4CF006A7834 /* circular.fth in CopyFiles */,
				6912781B1C25E4CF006A7834 /* collection.fth in CopyFiles */,
				6912781C1C25E4CF006A7834 /* control.fth in CopyFiles */,
				6912781D1C25E4CF006A7834 /* ctrl_count.fth in CopyFiles */,
				6912781E1C25E4CF006A7834 /* ctrl_fader.fth in CopyFiles */,
				6912781F1C25E4CF006A7834 /* ctrl_numeric.fth in CopyFiles */,
				691278201C25E4CF006A7834 /* ctrl_text.fth in CopyFiles */,
				691278211C25E4CF006A7834 /* ctrl_xy.fth in CopyFiles */,
				691278221C25E4CF006A7834 /* dbl_list.fth in CopyFiles */,
				691278231C25E4CF006A7834 /* deck.fth in CopyFiles */,
				691278241C25E4CF006A7834 /* elmnts.fth in CopyFiles */,
				691278251C25E4CF006A7834 /* errormsg.fth in CopyFiles */,
				691278261C25E4CF006A7834 /* event_list.fth in CopyFiles */,
				691278271C25E4CF006A7834 /* exmember.fth in CopyFiles */,
				691278281C25E4CF006A7834 /* global_data.fth in CopyFiles */,
				691278291C25E4CF006A7834 /* graph_util.fth in CopyFiles */,
				6912782A1C25E4CF006A7834 /* graphics.fth in CopyFiles */,
				6912782B1C25E4CF006A7834 /* hmsl_top.fth in CopyFiles */,
				6912782C1C25E4CF006A7834 /* hmsl_version.fth in CopyFiles */,
				6912782D1C25E4CF006A7834 /* instrument.fth in CopyFiles */,
				6912782E1C25E4CF006A7834 /* interpreters.fth in CopyFiles */,
				6912782F1C25E4CF006A7834 /* job.fth in CopyFiles */,
				691278301C25E4CF006A7834 /* load_hmsl.fth in CopyFiles */,
				691278311C25E4CF006A7834 /* load_ode.fth in CopyFiles */,
				691278321C25E4CF006A7834 /* make_hmsl.fth in CopyFiles */,
				691278341C25E4CF006A7834 /* memalloc.fth in CopyFiles */,
				691278351C25E4CF006A7834 /* midi_globals.fth in CopyFiles */,
				691278361C25E4CF006A7834 /* midi_instrument.fth in CopyFiles */,
				691278371C25E4CF006A7834 /* midi_parser.fth in CopyFiles */,
				691278381C25E4CF006A7834 /* midi_stubs.fth in CopyFiles */,
				691278391C25E4CF006A7834 /* midi_text.fth in CopyFiles */,
				6912783A1C25E4CF006A7834 /* midi.fth in CopyFiles */,
				6912783B1C25E4CF006A7834 /* misc_tools.fth in CopyFiles */,
				6912783C1C25E4CF006A7834 /* morph_lists.fth in CopyFiles */,
				6912783D1C25E4CF006A7834 /* morph.fth in CopyFiles */,
				6912783E1C25E4CF006A7834 /* ob_array.fth in CopyFiles */,
				6912783F1C25E4CF006A7834 /* ob_bind.fth in CopyFiles */,
				691278401C25E4CF006A7834 /* ob_dlist.fth in CopyFiles */,
				691278411C25E4CF006A7834 /* ob_ivars.fth in CopyFiles */,
				691278421C25E4CF006A7834 /* ob_main.fth in CopyFiles */,
				691278431C25E4CF006A7834 /* ob_stack.fth in CopyFiles */,
				691278441C25E4CF006A7834 /* obmethod.fth in CopyFiles */,
				691278451C25E4CF006A7834 /* obobject.fth in CopyFiles */,
				691278461C25E4CF006A7834 /* p4thbase.fth in CopyFiles */,
				691278471C25E4CF006A7834 /* packed_midi.fth in CopyFiles */,
				691278481C25E4CF006A7834 /* player.fth in CopyFiles */,
				691278491C25E4CF006A7834 /* popup_text.fth in CopyFiles */,
				6912784A1C25E4CF006A7834 /* production.fth in CopyFiles */,
				6912784B1C25E4CF006A7834 /* record.fth in CopyFiles */,
				6912784C1C25E4CF006A7834 /* scg.fth in CopyFiles */,
				6912784D1C25E4CF006A7834 /* screen.fth in CopyFiles */,
				6912784E1C25E4CF006A7834 /* service_tasks.fth in CopyFiles */,
				6912784F1C25E4CF006A7834 /* set_vectors.fth in CopyFiles */,
				691278501C25E4CF006A7834 /* shape_editor.fth in CopyFiles */,
				691278511C25E4CF006A7834 /* shape.fth in CopyFiles */,
				691278521C25E4CF006A7834 /* stacks.fth in CopyFiles */,
				691278531C25E4CF006A7834 /* startup.fth in CopyFiles */,
				691278541C25E4CF006A7834 /* stock_morphs.fth in CopyFiles */,
				691278551C25E4CF006A7834 /* structure.fth in CopyFiles */,
				691278561C25E4CF006A7834 /* stubs.fth in CopyFiles */,
				691278571C25E4CF006A7834 /* test_events.fth in CopyFiles */,
				691278581C25E4CF006A7834 /* test_graphics.fth in CopyFiles */,
				691278591C25E4CF006A7834 /* test_ode_locals.fth in CopyFiles */,
				6912785A1C25E4CF006A7834 /* test_ode.fth in CopyFiles */,
				6912785B1C25E4CF006A7834 /* time.fth in CopyFiles */,
				6912785C1C25E4CF006A7834 /* top.fth in CopyFiles */,
				6912785D1C25E4CF006A7834 /* translators.fth in CopyFiles */,
				6912785E1C25E4CF006A7834 /* utils.fth in CopyFiles */,
			);
			runOnlyForDeploymentPostprocessing = 0;
		};
		691278701C25E92A006A7834 /* CopyFiles */ = {
			isa = PBXCopyFilesBuildPhase;
			buildActionMask = 2147483647;
			dstPath = tools;
			dstSubfolderSpec = 6;
			files = (
				691278711C25E936006A7834 /* 2d_transform.fth in CopyFiles */,
				691278721C25E936006A7834 /* bend_score.fth in CopyFiles */,
				691278731C25E936006A7834 /* bend_tuning.fth in CopyFiles */,
				691278741C25E936006A7834 /* calc_ntet.fth in CopyFiles */,
				691278751C25E936006A7834 /* clocker.fth in CopyFiles */,
				691278761C25E936006A7834 /* file_port.fth in CopyFiles */,
				691278771C25E936006A7834 /* file_xfer.fth in CopyFiles */,
				691278781C25E936006A7834 /* markov_chain.fth in CopyFiles */,
				691278791C25E936006A7834 /* midifile.fth in CopyFiles */,
				6912787A1C25E936006A7834 /* rw_shape.fth in CopyFiles */,
				6912787B1C25E936006A7834 /* score_entry.fth in CopyFiles */,
				6912787C1C25E936006A7834 /* screen_editor.fth in CopyFiles */,
				6912787D1C25E936006A7834 /* sine_table.fth in CopyFiles */,
				6912787E1C25E936006A7834 /* tracks.fth in CopyFiles */,
			);
			runOnlyForDeploymentPostprocessing = 0;
		};
		698C07F01B8BA7A400C26E91 /* Copy Files */ = {
			isa = PBXCopyFilesBuildPhase;
			buildActionMask = 2147483647;
			dstPath = "";
			dstSubfolderSpec = 6;
			files = (
				6912785F1C25E4E6006A7834 /* pforth_system.dic in Copy Files */,
				698C084D1B8CE01E00C26E91 /* start_hmsl.sh in Copy Files */,
				698C084E1B8CE01E00C26E91 /* runner.sh in Copy Files */,
			);
			name = "Copy Files";
			runOnlyForDeploymentPostprocessing = 0;
		};
		698C08511B8CE64900C26E91 /* CopyFiles */ = {
			isa = PBXCopyFilesBuildPhase;
			buildActionMask = 2147483647;
			dstPath = Fonts;
			dstSubfolderSpec = 7;
			files = (
				698C08521B8CE65A00C26E91 /* ChicagoFLF.ttf in CopyFiles */,
			);
			runOnlyForDeploymentPostprocessing = 0;
		};
/* End PBXCopyFilesBuildPhase section */

/* Begin PBXFileReference section */
		691277C71C25E46E006A7834 /* pforth_system.dic */ = {isa = PBXFileReference; lastKnownFileType = file; path = pforth_system.dic; sourceTree = "<group>"; };
		691277C81C25E494006A7834 /* actobj.fth */ = {isa = PBXFileReference; fileEncoding = 4; lastKnownFileType = text; name = actobj.fth; path = ../../../hmsl/fth/actobj.fth; sourceTree = "<group>"; };
		691277C91C25E494006A7834 /* allocator.fth */ = {isa = PBXFileReference; fileEncoding = 4; lastKnownFileType = text; name = allocator.fth; path = ../../../hmsl/fth/allocator.fth; sourceTree = "<group>"; };
		691277CA1C25E494006A7834 /* bevel.fth */ = {isa = PBXFileReference; fileEncoding = 4; lastKnownFileType = text; name = bevel.fth; path = ../../../hmsl/fth/bevel.fth; sourceTree = "<group>"; };
		691277CB1C25E494006A7834 /* build_menus.fth */ = {isa = PBXFileReference; fileEncoding = 4; lastKnownFileType = text; name = build_menus.fth; path = ../../../hmsl/fth/build_menus.fth; sourceTree = "<group>"; };
		691277CC1C25E494006A7834 /* c_struct.fth */ = {isa = PBXFileReference; fileEncoding = 4; lastKnownFileType = text; name = c_struct.fth; path = ../../../hmsl/fth/c_struct.fth; sourceTree = "<group>"; };
		691277CD1C25E494006A7834 /* charmacr.fth */ = {isa = PBXFileReference; fileEncoding = 4; lastKnownFileType = text; name = charmacr.fth; path = ../../../hmsl/fth/charmacr.fth; sourceTree = "<group>"; };
		691277CE1C25E494006A7834 /* circular.fth */ = {isa = PBXFileReference; fileEncoding = 4; lastKnownFileType = text; name = circular.fth; path = ../../../hmsl/fth/circular.fth; sourceTree = "<group>"; };
		691277CF1C25E494006A7834 /* collection.fth */ = {isa = PBXFileReference; fileEncoding = 4; lastKnownFileType = text; name = collection.fth; path = ../../../hmsl/fth/collection.fth; sourceTree = "<group>"; };
		691277D01C25E494006A7834 /* control.fth */ = {isa = PBXFileReference; fileEncoding = 4; lastKnownFileType = text; name = control.fth; path = ../../../hmsl/fth/control.fth; sourceTree = "<group>"; };
		691277D11C25E494006A7834 /* ctrl_count.fth */ = {isa = PBXFileReference; fileEncoding = 4; lastKnownFileType = text; name = ctrl_count.fth; path = ../../../hmsl/fth/ctrl_count.fth; sourceTree = "<group>"; };
		691277D21C25E494006A7834 /* ctrl_fader.fth */ = {isa = PBXFileReference; fileEncoding = 4; lastKnownFileType = text; name = ctrl_fader.fth; path = ../../../hmsl/fth/ctrl_fader.fth; sourceTree = "<group>"; };
		691277D31C25E494006A7834 /* ctrl_numeric.fth */ = {isa = PBXFileReference; fileEncoding = 4; lastKnownFileType = text; name = ctrl_numeric.fth; path = ../../../hmsl/fth/ctrl_numeric.fth; sourceTree = "<group>"; };
		691277D41C25E494006A7834 /* ctrl_text.fth */ = {isa = PBXFileReference; fileEncoding = 4; lastKnownFileType = text; name = ctrl_text.fth; path = ../../../hmsl/fth/ctrl_text.fth; sourceTree = "<group>"; };
		691277D51C25E494006A7834 /* ctrl_xy.fth */ = {isa = PBXFileReference; fileEncoding = 4; lastKnownFileType = text; name = ctrl_xy.fth; path = ../../../hmsl/fth/ctrl_xy.fth; sourceTree = "<group>"; };
		691277D61C25E494006A7834 /* dbl_list.fth */ = {isa = PBXFileReference; fileEncoding = 4; lastKnownFileType = text; name = dbl_list.fth; path = ../../../hmsl/fth/dbl_list.fth; sourceTree = "<group>"; };
		691277D71C25E494006A7834 /* deck.fth */ = {isa = PBXFileReference; fileEncoding = 4; lastKnownFileType = text; name = deck.fth; path = ../../../hmsl/fth/deck.fth; sourceTree = "<group>"; };
		691277D81C25E494006A7834 /* elmnts.fth */ = {isa = PBXFileReference; fileEncoding = 4; lastKnownFileType = text; name = elmnts.fth; path = ../../../hmsl/fth/elmnts.fth; sourceTree = "<group>"; };
		691277D91C25E494006A7834 /* errormsg.fth */ = {isa = PBXFileReference; fileEncoding = 4; lastKnownFileType = text; name = errormsg.fth; path = ../../../hmsl/fth/errormsg.fth; sourceTree = "<group>"; };
		691277DA1C25E494006A7834 /* event_list.fth */ = {isa = PBXFileReference; fileEncoding = 4; lastKnownFileType = text; name = event_list.fth; path = ../../../hmsl/fth/event_list.fth; sourceTree = "<group>"; };
		691277DB1C25E494006A7834 /* exmember.fth */ = {isa = PBXFileReference; fileEncoding = 4; lastKnownFileType = text; name = exmember.fth; path = ../../../hmsl/fth/exmember.fth; sourceTree = "<group>"; };
		691277DC1C25E494006A7834 /* global_data.fth */ = {isa = PBXFileReference; fileEncoding = 4; lastKnownFileType = text; name = global_data.fth; path = ../../../hmsl/fth/global_data.fth; sourceTree = "<group>"; };
		691277DD1C25E494006A7834 /* graph_util.fth */ = {isa = PBXFileReference; fileEncoding = 4; lastKnownFileType = text; name = graph_util.fth; path = ../../../hmsl/fth/graph_util.fth; sourceTree = "<group>"; };
		691277DE1C25E494006A7834 /* graphics.fth */ = {isa = PBXFileReference; fileEncoding = 4; lastKnownFileType = text; name = graphics.fth; path = ../../../hmsl/fth/graphics.fth; sourceTree = "<group>"; };
		691277DF1C25E494006A7834 /* hmsl_top.fth */ = {isa = PBXFileReference; fileEncoding = 4; lastKnownFileType = text; name = hmsl_top.fth; path = ../../../hmsl/fth/hmsl_top.fth; sourceTree = "<group>"; };
		691277E01C25E494006A7834 /* hmsl_version.fth */ = {isa = PBXFileReference; fileEncoding = 4; lastKnownFileType = text; name = hmsl_version.fth; path = ../../../hmsl/fth/hmsl_version.fth; sourceTree = "<group>"; };
		691277E11C25E494006A7834 /* instrument.fth */ = {isa = PBXFileReference; fileEncoding = 4; lastKnownFileType = text; name = instrument.fth; path = ../../../hmsl/fth/instrument.fth; sourceTree = "<group>"; };
		691277E21C25E494006A7834 /* interpreters.fth */ = {isa = PBXFileReference; fileEncoding = 4; lastKnownFileType = text; name = interpreters.fth; path = ../../../hmsl/fth/interpreters.fth; sourceTree = "<group>"; };
		691277E31C25E494006A7834 /* job.fth */ = {isa = PBXFileReference; fileEncoding = 4; lastKnownFileType = text; name = job.fth; path = ../../../hmsl/fth/job.fth; sourceTree = "<group>"; };
		691277E41C25E494006A7834 /* load_hmsl.fth */ = {isa = PBXFileReference; fileEncoding = 4; lastKnownFileType = text; name = load_hmsl.fth; path = ../../../hmsl/fth/load_hmsl.fth; sourceTree = "<group>"; };
		691277E51C25E494006A7834 /* load_ode.fth */ = {isa = PBXFileReference; fileEncoding = 4; lastKnownFileType = text; name = load_ode.fth; path = ../../../hmsl/fth/load_ode.fth; sourceTree = "<group>"; };
		691277E61C25E494006A7834 /* make_hmsl.fth */ = {isa = PBXFileReference; fileEncoding = 4; lastKnownFileType = text; name = make_hmsl.fth; path = ../../../hmsl/fth/make_hmsl.fth; sourceTree = "<group>"; };
		691277E81C25E494006A7834 /* memalloc.fth */ = {isa = PBXFileReference; fileEncoding = 4; lastKnownFileType = text; name = memalloc.fth; path = ../../../hmsl/fth/memalloc.fth; sourceTree = "<group>"; };
		691277E91C25E494006A7834 /* midi_globals.fth */ = {isa = PBXFileReference; fileEncoding = 4; lastKnownFileType = text; name = midi_globals.fth; path = ../../../hmsl/fth/midi_globals.fth; sourceTree = "<group>"; };
		691277EA1C25E494006A7834 /* midi_instrument.fth */ = {isa = PBXFileReference; fileEncoding = 4; lastKnownFileType = text; name = midi_instrument.fth; path = ../../../hmsl/fth/midi_instrument.fth; sourceTree = "<group>"; };
		691277EB1C25E494006A7834 /* midi_parser.fth */ = {isa = PBXFileReference; fileEncoding = 4; lastKnownFileType = text; name = midi_parser.fth; path = ../../../hmsl/fth/midi_parser.fth; sourceTree = "<group>"; };
		691277EC1C25E494006A7834 /* midi_stubs.fth */ = {isa = PBXFileReference; fileEncoding = 4; lastKnownFileType = text; name = midi_stubs.fth; path = ../../../hmsl/fth/midi_stubs.fth; sourceTree = "<group>"; };
		691277ED1C25E494006A7834 /* midi_text.fth */ = {isa = PBXFileReference; fileEncoding = 4; lastKnownFileType = text; name = midi_text.fth; path = ../../../hmsl/fth/midi_text.fth; sourceTree = "<group>"; };
		691277EE1C25E494006A7834 /* midi.fth */ = {isa = PBXFileReference; fileEncoding = 4; lastKnownFileType = text; name = midi.fth; path = ../../../hmsl/fth/midi.fth; sourceTree = "<group>"; };
		691277EF1C25E494006A7834 /* misc_tools.fth */ = {isa = PBXFileReference; fileEncoding = 4; lastKnownFileType = text; name = misc_tools.fth; path = ../../../hmsl/fth/misc_tools.fth; sourceTree = "<group>"; };
		691277F01C25E494006A7834 /* morph_lists.fth */ = {isa = PBXFileReference; fileEncoding = 4; lastKnownFileType = text; name = morph_lists.fth; path = ../../../hmsl/fth/morph_lists.fth; sourceTree = "<group>"; };
		691277F11C25E494006A7834 /* morph.fth */ = {isa = PBXFileReference; fileEncoding = 4; lastKnownFileType = text; name = morph.fth; path = ../../../hmsl/fth/morph.fth; sourceTree = "<group>"; };
		691277F21C25E494006A7834 /* ob_array.fth */ = {isa = PBXFileReference; fileEncoding = 4; lastKnownFileType = text; name = ob_array.fth; path = ../../../hmsl/fth/ob_array.fth; sourceTree = "<group>"; };
		691277F31C25E494006A7834 /* ob_bind.fth */ = {isa = PBXFileReference; fileEncoding = 4; lastKnownFileType = text; name = ob_bind.fth; path = ../../../hmsl/fth/ob_bind.fth; sourceTree = "<group>"; };
		691277F41C25E494006A7834 /* ob_dlist.fth */ = {isa = PBXFileReference; fileEncoding = 4; lastKnownFileType = text; name = ob_dlist.fth; path = ../../../hmsl/fth/ob_dlist.fth; sourceTree = "<group>"; };
		691277F51C25E494006A7834 /* ob_ivars.fth */ = {isa = PBXFileReference; fileEncoding = 4; lastKnownFileType = text; name = ob_ivars.fth; path = ../../../hmsl/fth/ob_ivars.fth; sourceTree = "<group>"; };
		691277F61C25E494006A7834 /* ob_main.fth */ = {isa = PBXFileReference; fileEncoding = 4; lastKnownFileType = text; name = ob_main.fth; path = ../../../hmsl/fth/ob_main.fth; sourceTree = "<group>"; };
		691277F71C25E494006A7834 /* ob_stack.fth */ = {isa = PBXFileReference; fileEncoding = 4; lastKnownFileType = text; name = ob_stack.fth; path = ../../../hmsl/fth/ob_stack.fth; sourceTree = "<group>"; };
		691277F81C25E494006A7834 /* obmethod.fth */ = {isa = PBXFileReference; fileEncoding = 4; lastKnownFileType = text; name = obmethod.fth; path = ../../../hmsl/fth/obmethod.fth; sourceTree = "<group>"; };
		691277F91C25E494006A7834 /* obobject.fth */ = {isa = PBXFileReference; fileEncoding = 4; lastKnownFileType = text; name = obobject.fth; path = ../../../hmsl/fth/obobject.fth; sourceTree = "<group>"; };
		691277FA1C25E494006A7834 /* p4thbase.fth */ = {isa = PBXFileReference; fileEncoding = 4; lastKnownFileType = text; name = p4thbase.fth; path = ../../../hmsl/fth/p4thbase.fth; sourceTree = "<group>"; };
		691277FB1C25E494006A7834 /* packed_midi.fth */ = {isa = PBXFileReference; fileEncoding = 4; lastKnownFileType = text; name = packed_midi.fth; path = ../../../hmsl/fth/packed_midi.fth; sourceTree = "<group>"; };
		691277FC1C25E494006A7834 /* player.fth */ = {isa = PBXFileReference; fileEncoding = 4; lastKnownFileType = text; name = player.fth; path = ../../../hmsl/fth/player.fth; sourceTree = "<group>"; };
		691277FD1C25E494006A7834 /* popup_text.fth */ = {isa = PBXFileReference; fileEncoding = 4; lastKnownFileType = text; name = popup_text.fth; path = ../../../hmsl/fth/popup_text.fth; sourceTree = "<group>"; };
		691277FE1C25E494006A7834 /* production.fth */ = {isa = PBXFileReference; fileEncoding = 4; lastKnownFileType = text; name = production.fth; path = ../../../hmsl/fth/production.fth; sourceTree = "<group>"; };
		691277FF1C25E494006A7834 /* record.fth */ = {isa = PBXFileReference; fileEncoding = 4; lastKnownFileType = text; name = record.fth; path = ../../../hmsl/fth/record.fth; sourceTree = "<group>"; };
		691278001C25E494006A7834 /* scg.fth */ = {isa = PBXFileReference; fileEncoding = 4; lastKnownFileType = text; name = scg.fth; path = ../../../hmsl/fth/scg.fth; sourceTree = "<group>"; };
		691278011C25E494006A7834 /* screen.fth */ = {isa = PBXFileReference; fileEncoding = 4; lastKnownFileType = text; name = screen.fth; path = ../../../hmsl/fth/screen.fth; sourceTree = "<group>"; };
		691278021C25E494006A7834 /* service_tasks.fth */ = {isa = PBXFileReference; fileEncoding = 4; lastKnownFileType = text; name = service_tasks.fth; path = ../../../hmsl/fth/service_tasks.fth; sourceTree = "<group>"; };
		691278031C25E494006A7834 /* set_vectors.fth */ = {isa = PBXFileReference; fileEncoding = 4; lastKnownFileType = text; name = set_vectors.fth; path = ../../../hmsl/fth/set_vectors.fth; sourceTree = "<group>"; };
		691278041C25E494006A7834 /* shape_editor.fth */ = {isa = PBXFileReference; fileEncoding = 4; lastKnownFileType = text; name = shape_editor.fth; path = ../../../hmsl/fth/shape_editor.fth; sourceTree = "<group>"; };
		691278051C25E494006A7834 /* shape.fth */ = {isa = PBXFileReference; fileEncoding = 4; lastKnownFileType = text; name = shape.fth; path = ../../../hmsl/fth/shape.fth; sourceTree = "<group>"; };
		691278061C25E494006A7834 /* stacks.fth */ = {isa = PBXFileReference; fileEncoding = 4; lastKnownFileType = text; name = stacks.fth; path = ../../../hmsl/fth/stacks.fth; sourceTree = "<group>"; };
		691278071C25E494006A7834 /* startup.fth */ = {isa = PBXFileReference; fileEncoding = 4; lastKnownFileType = text; name = startup.fth; path = ../../../hmsl/fth/startup.fth; sourceTree = "<group>"; };
		691278081C25E494006A7834 /* stock_morphs.fth */ = {isa = PBXFileReference; fileEncoding = 4; lastKnownFileType = text; name = stock_morphs.fth; path = ../../../hmsl/fth/stock_morphs.fth; sourceTree = "<group>"; };
		691278091C25E494006A7834 /* structure.fth */ = {isa = PBXFileReference; fileEncoding = 4; lastKnownFileType = text; name = structure.fth; path = ../../../hmsl/fth/structure.fth; sourceTree = "<group>"; };
		6912780A1C25E494006A7834 /* stubs.fth */ = {isa = PBXFileReference; fileEncoding = 4; lastKnownFileType = text; name = stubs.fth; path = ../../../hmsl/fth/stubs.fth; sourceTree = "<group>"; };
		6912780B1C25E494006A7834 /* test_events.fth */ = {isa = PBXFileReference; fileEncoding = 4; lastKnownFileType = text; name = test_events.fth; path = ../../../hmsl/fth/test_events.fth; sourceTree = "<group>"; };
		6912780C1C25E494006A7834 /* test_graphics.fth */ = {isa = PBXFileReference; fileEncoding = 4; lastKnownFileType = text; name = test_graphics.fth; path = ../../../hmsl/fth/test_graphics.fth; sourceTree = "<group>"; };
		6912780D1C25E494006A7834 /* test_ode_locals.fth */ = {isa = PBXFileReference; fileEncoding = 4; lastKnownFileType = text; name = test_ode_locals.fth; path = ../../../hmsl/fth/test_ode_locals.fth; sourceTree = "<group>"; };
		6912780E1C25E494006A7834 /* test_ode.fth */ = {isa = PBXFileReference; fileEncoding = 4; lastKnownFileType = text; name = test_ode.fth; path = ../../../hmsl/fth/test_ode.fth; sourceTree = "<group>"; };
		6912780F1C25E494006A7834 /* time.fth */ = {isa = PBXFileReference; fileEncoding = 4; lastKnownFileType = text; name = time.fth; path = ../../../hmsl/fth/time.fth; sourceTree = "<group>"; };
		691278101C25E494006A7834 /* top.fth */ = {isa = PBXFileReference; fileEncoding = 4; lastKnownFileType = text; name = top.fth; path = ../../../hmsl/fth/top.fth; sourceTree = "<group>"; };
		691278111C25E494006A7834 /* translators.fth */ = {isa = PBXFileReference; fileEncoding = 4; lastKnownFileType = text; name = translators.fth; path = ../../../hmsl/fth/translators.fth; sourceTree = "<group>"; };
		691278121C25E494006A7834 /* utils.fth */ = {isa = PBXFileReference; fileEncoding = 4; lastKnownFileType = text; name = utils.fth; path = ../../../hmsl/fth/utils.fth; sourceTree = "<group>"; };
		691278621C25E922006A7834 /* 2d_transform.fth */ = {isa = PBXFileReference; fileEncoding = 4; lastKnownFileType = text; name = 2d_transform.fth; path = ../../../hmsl/tools/2d_transform.fth; sourceTree = "<group>"; };
		691278631C25E922006A7834 /* bend_score.fth */ = {isa = PBXFileReference; fileEncoding = 4; lastKnownFileType = text; name = bend_score.fth; path = ../../../hmsl/tools/bend_score.fth; sourceTree = "<group>"; };
		691278641C25E922006A7834 /* bend_tuning.fth */ = {isa = PBXFileReference; fileEncoding = 4; lastKnownFileType = text; name = bend_tuning.fth; path = ../../../hmsl/tools/bend_tuning.fth; sourceTree = "<group>"; };
		691278651C25E922006A7834 /* calc_ntet.fth */ = {isa = PBXFileReference; fileEncoding = 4; lastKnownFileType = text; name = calc_ntet.fth; path = ../../../hmsl/tools/calc_ntet.fth; sourceTree = "<group>"; };
		691278661C25E922006A7834 /* clocker.fth */ = {isa = PBXFileReference; fileEncoding = 4; lastKnownFileType = text; name = clocker.fth; path = ../../../hmsl/tools/clocker.fth; sourceTree = "<group>"; };
		691278671C25E922006A7834 /* file_port.fth */ = {isa = PBXFileReference; fileEncoding = 4; lastKnownFileType = text; name = file_port.fth; path = ../../../hmsl/tools/file_port.fth; sourceTree = "<group>"; };
		691278681C25E922006A7834 /* file_xfer.fth */ = {isa = PBXFileReference; fileEncoding = 4; lastKnownFileType = text; name = file_xfer.fth; path = ../../../hmsl/tools/file_xfer.fth; sourceTree = "<group>"; };
		691278691C25E922006A7834 /* markov_chain.fth */ = {isa = PBXFileReference; fileEncoding = 4; lastKnownFileType = text; name = markov_chain.fth; path = ../../../hmsl/tools/markov_chain.fth; sourceTree = "<group>"; };
		6912786A1C25E922006A7834 /* midifile.fth */ = {isa = PBXFileReference; fileEncoding = 4; lastKnownFileType = text; name = midifile.fth; path = ../../../hmsl/tools/midifile.fth; sourceTree = "<group>"; };
		6912786B1C25E922006A7834 /* rw_shape.fth */ = {isa = PBXFileReference; fileEncoding = 4; lastKnownFileType = text; name = rw_shape.fth; path = ../../../hmsl/tools/rw_shape.fth; sourceTree = "<group>"; };
		6912786C1C25E922006A7834 /* score_entry.fth */ = {isa = PBXFileReference; fileEncoding = 4; lastKnownFileType = text; name = score_entry.fth; path = ../../../hmsl/tools/score_entry.fth; sourceTree = "<group>"; };
		6912786D1C25E922006A7834 /* screen_editor.fth */ = {isa = PBXFileReference; fileEncoding = 4; lastKnownFileType = text; name = screen_editor.fth; path = ../../../hmsl/tools/screen_editor.fth; sourceTree = "<group>"; };
		6912786E1C25E922006A7834 /* sine_table.fth */ = {isa = PBXFileReference; fileEncoding = 4; lastKnownFileType = text; name = sine_table.fth; path = ../../../hmsl/tools/sine_table.fth; sourceTree = "<group>"; };
		6912786F1C25E922006A7834 /* tracks.fth */ = {isa = PBXFileReference; fileEncoding = 4; lastKnownFileType = text; name = tracks.fth; path = ../../../hmsl/tools/tracks.fth; sourceTree = "<group>"; };
		6912787F1C272F6E006A7834 /* hmsl.icns */ = {isa = PBXFileReference; lastKnownFileType = image.icns; path = hmsl.icns; sourceTree = "<group>"; };
		691894161B8699CC0091AAF3 /* hmsl_cocoa_glue.m */ = {isa = PBXFileReference; fileEncoding = 4; lastKnownFileType = sourcecode.c.objc; path = hmsl_cocoa_glue.m; sourceTree = "<group>"; };
		692DBB911B754FBC009F889B /* HMSLWindow.h */ = {isa = PBXFileReference; fileEncoding = 4; lastKnownFileType = sourcecode.c.h; path = HMSLWindow.h; sourceTree = "<group>"; };
		692DBB921B754FBC009F889B /* HMSLWindow.m */ = {isa = PBXFileReference; fileEncoding = 4; lastKnownFileType = sourcecode.c.objc; path = HMSLWindow.m; sourceTree = "<group>"; };
		69500CD21C2865B000DACCD2 /* cond_comp.fth */ = {isa = PBXFileReference; fileEncoding = 4; lastKnownFileType = text; name = cond_comp.fth; path = ../../../hmsl/fth/cond_comp.fth; sourceTree = "<group>"; };
		6972FAD61A9A65CD0008E2E4 /* HMSLDelegate.h */ = {isa = PBXFileReference; fileEncoding = 4; lastKnownFileType = sourcecode.c.h; path = HMSLDelegate.h; sourceTree = "<group>"; };
		6972FAD71A9A65CD0008E2E4 /* HMSLDelegate.m */ = {isa = PBXFileReference; fileEncoding = 4; lastKnownFileType = sourcecode.c.objc; path = HMSLDelegate.m; sourceTree = "<group>"; };
		6972FADE1A9A7BDE0008E2E4 /* HMSLWindowDelegate.h */ = {isa = PBXFileReference; fileEncoding = 4; lastKnownFileType = sourcecode.c.h; path = HMSLWindowDelegate.h; sourceTree = "<group>"; };
		6972FADF1A9A7BDE0008E2E4 /* HMSLWindowDelegate.m */ = {isa = PBXFileReference; fileEncoding = 4; lastKnownFileType = sourcecode.c.objc; path = HMSLWindowDelegate.m; sourceTree = "<group>"; };
		6972FB381A9A98D10008E2E4 /* hmsl_main.m */ = {isa = PBXFileReference; fileEncoding = 4; lastKnownFileType = sourcecode.c.objc; path = hmsl_main.m; sourceTree = "<group>"; };
		6972FB3E1A9A996B0008E2E4 /* hmsl.app */ = {isa = PBXFileReference; explicitFileType = wrapper.application; includeInIndex = 0; path = hmsl.app; sourceTree = BUILT_PRODUCTS_DIR; };
		6972FB411A9A996B0008E2E4 /* Info.plist */ = {isa = PBXFileReference; lastKnownFileType = text.plist.xml; name = Info.plist; path = ../hmsl/Info.plist; sourceTree = "<group>"; };
		6972FB4A1A9A996B0008E2E4 /* Base */ = {isa = PBXFileReference; lastKnownFileType = file.xib; name = Base; path = Base.lproj/MainMenu.xib; sourceTree = "<group>"; };
		6972FB5E1A9A99970008E2E4 /* HMSLApplication.h */ = {isa = PBXFileReference; fileEncoding = 4; lastKnownFileType = sourcecode.c.h; path = HMSLApplication.h; sourceTree = "<group>"; };
		6972FB5F1A9A99970008E2E4 /* HMSLApplication.m */ = {isa = PBXFileReference; fileEncoding = 4; lastKnownFileType = sourcecode.c.objc; path = HMSLApplication.m; sourceTree = "<group>"; };
		6972FB771A9AAE6B0008E2E4 /* HMSLRunner.h */ = {isa = PBXFileReference; fileEncoding = 4; lastKnownFileType = sourcecode.c.h; path = HMSLRunner.h; sourceTree = "<group>"; };
		6972FB781A9AAE6B0008E2E4 /* HMSLRunner.m */ = {isa = PBXFileReference; fileEncoding = 4; lastKnownFileType = sourcecode.c.objc; path = HMSLRunner.m; sourceTree = "<group>"; };
		6972FB7B1A9AE25A0008E2E4 /* HMSLView.h */ = {isa = PBXFileReference; fileEncoding = 4; lastKnownFileType = sourcecode.c.h; path = HMSLView.h; sourceTree = "<group>"; };
		6972FB7C1A9AE25A0008E2E4 /* HMSLView.m */ = {isa = PBXFileReference; fileEncoding = 4; lastKnownFileType = sourcecode.c.objc; path = HMSLView.m; sourceTree = "<group>"; };
		6985AB9B1A785350003BC422 /* HMSL-OSX */ = {isa = PBXFileReference; explicitFileType = "compiled.mach-o.executable"; includeInIndex = 0; path = "HMSL-OSX"; sourceTree = BUILT_PRODUCTS_DIR; };
		6985ABA71A785472003BC422 /* pf_all.h */ = {isa = PBXFileReference; fileEncoding = 4; lastKnownFileType = sourcecode.c.h; path = pf_all.h; sourceTree = "<group>"; };
		6985ABA81A785472003BC422 /* pf_cglue.c */ = {isa = PBXFileReference; fileEncoding = 4; lastKnownFileType = sourcecode.c.c; path = pf_cglue.c; sourceTree = "<group>"; };
		6985ABA91A785472003BC422 /* pf_cglue.h */ = {isa = PBXFileReference; fileEncoding = 4; lastKnownFileType = sourcecode.c.h; path = pf_cglue.h; sourceTree = "<group>"; };
		6985ABAA1A785472003BC422 /* pf_clib.c */ = {isa = PBXFileReference; fileEncoding = 4; lastKnownFileType = sourcecode.c.c; path = pf_clib.c; sourceTree = "<group>"; };
		6985ABAB1A785472003BC422 /* pf_clib.h */ = {isa = PBXFileReference; fileEncoding = 4; lastKnownFileType = sourcecode.c.h; path = pf_clib.h; sourceTree = "<group>"; };
		6985ABAC1A785472003BC422 /* pf_core.c */ = {isa = PBXFileReference; fileEncoding = 4; lastKnownFileType = sourcecode.c.c; path = pf_core.c; sourceTree = "<group>"; };
		6985ABAD1A785472003BC422 /* pf_core.h */ = {isa = PBXFileReference; fileEncoding = 4; lastKnownFileType = sourcecode.c.h; path = pf_core.h; sourceTree = "<group>"; };
		6985ABAE1A785472003BC422 /* pf_float.h */ = {isa = PBXFileReference; fileEncoding = 4; lastKnownFileType = sourcecode.c.h; path = pf_float.h; sourceTree = "<group>"; };
		6985ABAF1A785472003BC422 /* pf_guts.h */ = {isa = PBXFileReference; fileEncoding = 4; lastKnownFileType = sourcecode.c.h; path = pf_guts.h; sourceTree = "<group>"; };
		6985ABB01A785472003BC422 /* pf_host.h */ = {isa = PBXFileReference; fileEncoding = 4; lastKnownFileType = sourcecode.c.h; path = pf_host.h; sourceTree = "<group>"; };
		6985ABB11A785472003BC422 /* pf_inc1.h */ = {isa = PBXFileReference; fileEncoding = 4; lastKnownFileType = sourcecode.c.h; path = pf_inc1.h; sourceTree = "<group>"; };
		6985ABB21A785472003BC422 /* pf_inner.c */ = {isa = PBXFileReference; fileEncoding = 4; lastKnownFileType = sourcecode.c.c; path = pf_inner.c; sourceTree = "<group>"; };
		6985ABB31A785472003BC422 /* pf_io_none.c */ = {isa = PBXFileReference; fileEncoding = 4; lastKnownFileType = sourcecode.c.c; path = pf_io_none.c; sourceTree = "<group>"; };
		6985ABB41A785472003BC422 /* pf_io.c */ = {isa = PBXFileReference; fileEncoding = 4; lastKnownFileType = sourcecode.c.c; path = pf_io.c; sourceTree = "<group>"; };
		6985ABB51A785472003BC422 /* pf_io.h */ = {isa = PBXFileReference; fileEncoding = 4; lastKnownFileType = sourcecode.c.h; path = pf_io.h; sourceTree = "<group>"; };
		6985ABB61A785472003BC422 /* pf_main.c */ = {isa = PBXFileReference; fileEncoding = 4; lastKnownFileType = sourcecode.c.c; path = pf_main.c; sourceTree = "<group>"; };
		6985ABB71A785472003BC422 /* pf_mem.c */ = {isa = PBXFileReference; fileEncoding = 4; lastKnownFileType = sourcecode.c.c; path = pf_mem.c; sourceTree = "<group>"; };
		6985ABB81A785472003BC422 /* pf_mem.h */ = {isa = PBXFileReference; fileEncoding = 4; lastKnownFileType = sourcecode.c.h; path = pf_mem.h; sourceTree = "<group>"; };
		6985ABB91A785472003BC422 /* pf_save.c */ = {isa = PBXFileReference; fileEncoding = 4; lastKnownFileType = sourcecode.c.c; path = pf_save.c; sourceTree = "<group>"; };
		6985ABBA1A785472003BC422 /* pf_save.h */ = {isa = PBXFileReference; fileEncoding = 4; lastKnownFileType = sourcecode.c.h; path = pf_save.h; sourceTree = "<group>"; };
		6985ABBB1A785472003BC422 /* pf_text.c */ = {isa = PBXFileReference; fileEncoding = 4; lastKnownFileType = sourcecode.c.c; path = pf_text.c; sourceTree = "<group>"; };
		6985ABBC1A785472003BC422 /* pf_text.h */ = {isa = PBXFileReference; fileEncoding = 4; lastKnownFileType = sourcecode.c.h; path = pf_text.h; sourceTree = "<group>"; };
		6985ABBD1A785472003BC422 /* pf_types.h */ = {isa = PBXFileReference; fileEncoding = 4; lastKnownFileType = sourcecode.c.h; path = pf_types.h; sourceTree = "<group>"; };
		6985ABBE1A785472003BC422 /* pf_words.c */ = {isa = PBXFileReference; fileEncoding = 4; lastKnownFileType = sourcecode.c.c; path = pf_words.c; sourceTree = "<group>"; };
		6985ABBF1A785472003BC422 /* pf_words.h */ = {isa = PBXFileReference; fileEncoding = 4; lastKnownFileType = sourcecode.c.h; path = pf_words.h; sourceTree = "<group>"; };
		6985ABC01A785472003BC422 /* pfcompfp.h */ = {isa = PBXFileReference; fileEncoding = 4; lastKnownFileType = sourcecode.c.h; path = pfcompfp.h; sourceTree = "<group>"; };
		6985ABC11A785472003BC422 /* pfcompil.c */ = {isa = PBXFileReference; fileEncoding = 4; lastKnownFileType = sourcecode.c.c; path = pfcompil.c; sourceTree = "<group>"; };
		6985ABC21A785472003BC422 /* pfcompil.h */ = {isa = PBXFileReference; fileEncoding = 4; lastKnownFileType = sourcecode.c.h; path = pfcompil.h; sourceTree = "<group>"; };
		6985ABC41A785472003BC422 /* pfdicdat_arm.h */ = {isa = PBXFileReference; fileEncoding = 4; lastKnownFileType = sourcecode.c.h; path = pfdicdat_arm.h; sourceTree = "<group>"; };
		6985ABC51A785472003BC422 /* pfinnrfp.h */ = {isa = PBXFileReference; fileEncoding = 4; lastKnownFileType = sourcecode.c.h; path = pfinnrfp.h; sourceTree = "<group>"; };
		6985ABC61A785472003BC422 /* pforth.h */ = {isa = PBXFileReference; fileEncoding = 4; lastKnownFileType = sourcecode.c.h; path = pforth.h; sourceTree = "<group>"; };
		6985ABC81A785472003BC422 /* pf_io_posix.c */ = {isa = PBXFileReference; fileEncoding = 4; lastKnownFileType = sourcecode.c.c; path = pf_io_posix.c; sourceTree = "<group>"; };
		6985ABCA1A785472003BC422 /* pf_io_stdio.c */ = {isa = PBXFileReference; fileEncoding = 4; lastKnownFileType = sourcecode.c.c; path = pf_io_stdio.c; sourceTree = "<group>"; };
		6985ABDA1A785636003BC422 /* hmsl.c */ = {isa = PBXFileReference; fileEncoding = 4; lastKnownFileType = sourcecode.c.c; path = hmsl.c; sourceTree = "<group>"; };
		6985ABDC1A7856BD003BC422 /* hmsl.h */ = {isa = PBXFileReference; lastKnownFileType = sourcecode.c.h; path = hmsl.h; sourceTree = "<group>"; };
		6985ABDD1A785731003BC422 /* hmsl_midi.m */ = {isa = PBXFileReference; fileEncoding = 4; lastKnownFileType = sourcecode.c.objc; path = hmsl_midi.m; sourceTree = "<group>"; };
		6985ABE01A785941003BC422 /* hmsl_gui.c */ = {isa = PBXFileReference; fileEncoding = 4; lastKnownFileType = sourcecode.c.c; path = hmsl_gui.c; sourceTree = "<group>"; };
		698C08171B8BB3B900C26E91 /* hmsl_bundle_main.m */ = {isa = PBXFileReference; fileEncoding = 4; lastKnownFileType = sourcecode.c.objc; path = hmsl_bundle_main.m; sourceTree = "<group>"; };
		698C08471B8CE00E00C26E91 /* start_hmsl.sh */ = {isa = PBXFileReference; fileEncoding = 4; lastKnownFileType = text.script.sh; path = start_hmsl.sh; sourceTree = "<group>"; };
		698C08481B8CE00E00C26E91 /* runner.sh */ = {isa = PBXFileReference; fileEncoding = 4; lastKnownFileType = text.script.sh; path = runner.sh; sourceTree = "<group>"; };
		698C084F1B8CE54600C26E91 /* ChicagoFLF.ttf */ = {isa = PBXFileReference; lastKnownFileType = file; path = ChicagoFLF.ttf; sourceTree = "<group>"; };
/* End PBXFileReference section */

/* Begin PBXFrameworksBuildPhase section */
		6985AB981A785350003BC422 /* Frameworks */ = {
			isa = PBXFrameworksBuildPhase;
			buildActionMask = 2147483647;
			files = (
			);
			runOnlyForDeploymentPostprocessing = 0;
		};
/* End PBXFrameworksBuildPhase section */

/* Begin PBXGroup section */
		691277C61C25E45A006A7834 /* fth */ = {
			isa = PBXGroup;
			children = (
				691277C81C25E494006A7834 /* actobj.fth */,
				691277C91C25E494006A7834 /* allocator.fth */,
				691277CA1C25E494006A7834 /* bevel.fth */,
				691277CB1C25E494006A7834 /* build_menus.fth */,
				691277CC1C25E494006A7834 /* c_struct.fth */,
				691277CD1C25E494006A7834 /* charmacr.fth */,
				691277CE1C25E494006A7834 /* circular.fth */,
				691277CF1C25E494006A7834 /* collection.fth */,
				69500CD21C2865B000DACCD2 /* cond_comp.fth */,
				691277D01C25E494006A7834 /* control.fth */,
				691277D11C25E494006A7834 /* ctrl_count.fth */,
				691277D21C25E494006A7834 /* ctrl_fader.fth */,
				691277D31C25E494006A7834 /* ctrl_numeric.fth */,
				691277D41C25E494006A7834 /* ctrl_text.fth */,
				691277D51C25E494006A7834 /* ctrl_xy.fth */,
				691277D61C25E494006A7834 /* dbl_list.fth */,
				691277D71C25E494006A7834 /* deck.fth */,
				691277D81C25E494006A7834 /* elmnts.fth */,
				691277D91C25E494006A7834 /* errormsg.fth */,
				691277DA1C25E494006A7834 /* event_list.fth */,
				691277DB1C25E494006A7834 /* exmember.fth */,
				691277DC1C25E494006A7834 /* global_data.fth */,
				691277DD1C25E494006A7834 /* graph_util.fth */,
				691277DE1C25E494006A7834 /* graphics.fth */,
				691277DF1C25E494006A7834 /* hmsl_top.fth */,
				691277E01C25E494006A7834 /* hmsl_version.fth */,
				691277E11C25E494006A7834 /* instrument.fth */,
				691277E21C25E494006A7834 /* interpreters.fth */,
				691277E31C25E494006A7834 /* job.fth */,
				691277E41C25E494006A7834 /* load_hmsl.fth */,
				691277E51C25E494006A7834 /* load_ode.fth */,
				691277E61C25E494006A7834 /* make_hmsl.fth */,
				691277E81C25E494006A7834 /* memalloc.fth */,
				691277E91C25E494006A7834 /* midi_globals.fth */,
				691277EA1C25E494006A7834 /* midi_instrument.fth */,
				691277EB1C25E494006A7834 /* midi_parser.fth */,
				691277EC1C25E494006A7834 /* midi_stubs.fth */,
				691277ED1C25E494006A7834 /* midi_text.fth */,
				691277EE1C25E494006A7834 /* midi.fth */,
				691277EF1C25E494006A7834 /* misc_tools.fth */,
				691277F01C25E494006A7834 /* morph_lists.fth */,
				691277F11C25E494006A7834 /* morph.fth */,
				691277F21C25E494006A7834 /* ob_array.fth */,
				691277F31C25E494006A7834 /* ob_bind.fth */,
				691277F41C25E494006A7834 /* ob_dlist.fth */,
				691277F51C25E494006A7834 /* ob_ivars.fth */,
				691277F61C25E494006A7834 /* ob_main.fth */,
				691277F71C25E494006A7834 /* ob_stack.fth */,
				691277F81C25E494006A7834 /* obmethod.fth */,
				691277F91C25E494006A7834 /* obobject.fth */,
				691277FA1C25E494006A7834 /* p4thbase.fth */,
				691277FB1C25E494006A7834 /* packed_midi.fth */,
				691277FC1C25E494006A7834 /* player.fth */,
				691277FD1C25E494006A7834 /* popup_text.fth */,
				691277FE1C25E494006A7834 /* production.fth */,
				691277FF1C25E494006A7834 /* record.fth */,
				691278001C25E494006A7834 /* scg.fth */,
				691278011C25E494006A7834 /* screen.fth */,
				691278021C25E494006A7834 /* service_tasks.fth */,
				691278031C25E494006A7834 /* set_vectors.fth */,
				691278041C25E494006A7834 /* shape_editor.fth */,
				691278051C25E494006A7834 /* shape.fth */,
				691278061C25E494006A7834 /* stacks.fth */,
				691278071C25E494006A7834 /* startup.fth */,
				691278081C25E494006A7834 /* stock_morphs.fth */,
				691278091C25E494006A7834 /* structure.fth */,
				6912780A1C25E494006A7834 /* stubs.fth */,
				6912780B1C25E494006A7834 /* test_events.fth */,
				6912780C1C25E494006A7834 /* test_graphics.fth */,
				6912780D1C25E494006A7834 /* test_ode_locals.fth */,
				6912780E1C25E494006A7834 /* test_ode.fth */,
				6912780F1C25E494006A7834 /* time.fth */,
				691278101C25E494006A7834 /* top.fth */,
				691278111C25E494006A7834 /* translators.fth */,
				691278121C25E494006A7834 /* utils.fth */,
			);
			name = fth;
			sourceTree = "<group>";
		};
		691278601C25E908006A7834 /* hmsl */ = {
			isa = PBXGroup;
			children = (
				691278611C25E90E006A7834 /* tools */,
				691277C61C25E45A006A7834 /* fth */,
			);
			name = hmsl;
			sourceTree = "<group>";
		};
		691278611C25E90E006A7834 /* tools */ = {
			isa = PBXGroup;
			children = (
				691278621C25E922006A7834 /* 2d_transform.fth */,
				691278631C25E922006A7834 /* bend_score.fth */,
				691278641C25E922006A7834 /* bend_tuning.fth */,
				691278651C25E922006A7834 /* calc_ntet.fth */,
				691278661C25E922006A7834 /* clocker.fth */,
				691278671C25E922006A7834 /* file_port.fth */,
				691278681C25E922006A7834 /* file_xfer.fth */,
				691278691C25E922006A7834 /* markov_chain.fth */,
				6912786A1C25E922006A7834 /* midifile.fth */,
				6912786B1C25E922006A7834 /* rw_shape.fth */,
				6912786C1C25E922006A7834 /* score_entry.fth */,
				6912786D1C25E922006A7834 /* screen_editor.fth */,
				6912786E1C25E922006A7834 /* sine_table.fth */,
				6912786F1C25E922006A7834 /* tracks.fth */,
			);
			name = tools;
			sourceTree = "<group>";
		};
		6972FB611A9A9B9A0008E2E4 /* Supporting Files */ = {
			isa = PBXGroup;
			children = (
				6912787F1C272F6E006A7834 /* hmsl.icns */,
				691277C71C25E46E006A7834 /* pforth_system.dic */,
				698C084F1B8CE54600C26E91 /* ChicagoFLF.ttf */,
				698C08471B8CE00E00C26E91 /* start_hmsl.sh */,
				698C08481B8CE00E00C26E91 /* runner.sh */,
				6972FB491A9A996B0008E2E4 /* MainMenu.xib */,
				6972FB411A9A996B0008E2E4 /* Info.plist */,
			);
			name = "Supporting Files";
			sourceTree = "<group>";
		};
		6985AB921A785350003BC422 = {
			isa = PBXGroup;
			children = (
				6985AB9D1A785350003BC422 /* HMSL-OSX */,
				6985AB9C1A785350003BC422 /* Products */,
			);
			sourceTree = "<group>";
		};
		6985AB9C1A785350003BC422 /* Products */ = {
			isa = PBXGroup;
			children = (
				6985AB9B1A785350003BC422 /* HMSL-OSX */,
				6972FB3E1A9A996B0008E2E4 /* hmsl.app */,
			);
			name = Products;
			sourceTree = "<group>";
		};
		6985AB9D1A785350003BC422 /* HMSL-OSX */ = {
			isa = PBXGroup;
			children = (
				6985ABA61A7853B5003BC422 /* src */,
				6985ABA51A7853AB003BC422 /* pforth */,
			);
			name = "HMSL-OSX";
			sourceTree = SOURCE_ROOT;
		};
		6985ABA51A7853AB003BC422 /* pforth */ = {
			isa = PBXGroup;
			children = (
				6985ABA71A785472003BC422 /* pf_all.h */,
				6985ABA81A785472003BC422 /* pf_cglue.c */,
				6985ABA91A785472003BC422 /* pf_cglue.h */,
				6985ABAA1A785472003BC422 /* pf_clib.c */,
				6985ABAB1A785472003BC422 /* pf_clib.h */,
				6985ABAC1A785472003BC422 /* pf_core.c */,
				6985ABAD1A785472003BC422 /* pf_core.h */,
				6985ABAE1A785472003BC422 /* pf_float.h */,
				6985ABAF1A785472003BC422 /* pf_guts.h */,
				6985ABB01A785472003BC422 /* pf_host.h */,
				6985ABB11A785472003BC422 /* pf_inc1.h */,
				6985ABB21A785472003BC422 /* pf_inner.c */,
				6985ABB31A785472003BC422 /* pf_io_none.c */,
				6985ABB41A785472003BC422 /* pf_io.c */,
				6985ABB51A785472003BC422 /* pf_io.h */,
				6985ABB61A785472003BC422 /* pf_main.c */,
				6985ABB71A785472003BC422 /* pf_mem.c */,
				6985ABB81A785472003BC422 /* pf_mem.h */,
				6985ABB91A785472003BC422 /* pf_save.c */,
				6985ABBA1A785472003BC422 /* pf_save.h */,
				6985ABBB1A785472003BC422 /* pf_text.c */,
				6985ABBC1A785472003BC422 /* pf_text.h */,
				6985ABBD1A785472003BC422 /* pf_types.h */,
				6985ABBE1A785472003BC422 /* pf_words.c */,
				6985ABBF1A785472003BC422 /* pf_words.h */,
				6985ABC01A785472003BC422 /* pfcompfp.h */,
				6985ABC11A785472003BC422 /* pfcompil.c */,
				6985ABC21A785472003BC422 /* pfcompil.h */,
				6985ABC41A785472003BC422 /* pfdicdat_arm.h */,
				6985ABC51A785472003BC422 /* pfinnrfp.h */,
				6985ABC61A785472003BC422 /* pforth.h */,
				6985ABC71A785472003BC422 /* posix */,
				6985ABC91A785472003BC422 /* stdio */,
			);
			name = pforth;
			path = "../../../pforth-xcode/csrc";
			sourceTree = SOURCE_ROOT;
		};
		6985ABA61A7853B5003BC422 /* src */ = {
			isa = PBXGroup;
			children = (
				691278601C25E908006A7834 /* hmsl */,
				6972FB611A9A9B9A0008E2E4 /* Supporting Files */,
				6985ABDC1A7856BD003BC422 /* hmsl.h */,
				6985ABDA1A785636003BC422 /* hmsl.c */,
				6985ABE01A785941003BC422 /* hmsl_gui.c */,
				6972FB381A9A98D10008E2E4 /* hmsl_main.m */,
				698C08171B8BB3B900C26E91 /* hmsl_bundle_main.m */,
				6985ABDD1A785731003BC422 /* hmsl_midi.m */,
				691894161B8699CC0091AAF3 /* hmsl_cocoa_glue.m */,
				6972FAD61A9A65CD0008E2E4 /* HMSLDelegate.h */,
				6972FAD71A9A65CD0008E2E4 /* HMSLDelegate.m */,
				6972FB5E1A9A99970008E2E4 /* HMSLApplication.h */,
				6972FB5F1A9A99970008E2E4 /* HMSLApplication.m */,
				692DBB911B754FBC009F889B /* HMSLWindow.h */,
				692DBB921B754FBC009F889B /* HMSLWindow.m */,
				6972FADE1A9A7BDE0008E2E4 /* HMSLWindowDelegate.h */,
				6972FADF1A9A7BDE0008E2E4 /* HMSLWindowDelegate.m */,
				6972FB771A9AAE6B0008E2E4 /* HMSLRunner.h */,
				6972FB781A9AAE6B0008E2E4 /* HMSLRunner.m */,
				6972FB7B1A9AE25A0008E2E4 /* HMSLView.h */,
				6972FB7C1A9AE25A0008E2E4 /* HMSLView.m */,
			);
			path = src;
			sourceTree = "<group>";
		};
		6985ABC71A785472003BC422 /* posix */ = {
			isa = PBXGroup;
			children = (
				6985ABC81A785472003BC422 /* pf_io_posix.c */,
			);
			path = posix;
			sourceTree = "<group>";
		};
		6985ABC91A785472003BC422 /* stdio */ = {
			isa = PBXGroup;
			children = (
				6985ABCA1A785472003BC422 /* pf_io_stdio.c */,
			);
			path = stdio;
			sourceTree = "<group>";
		};
/* End PBXGroup section */

/* Begin PBXNativeTarget section */
		6972FB3D1A9A996B0008E2E4 /* hmsl */ = {
			isa = PBXNativeTarget;
			buildConfigurationList = 6972FB581A9A996B0008E2E4 /* Build configuration list for PBXNativeTarget "hmsl" */;
			buildPhases = (
				698C07F81B8BB25000C26E91 /* Sources */,
				6972FB3C1A9A996B0008E2E4 /* Resources */,
				698C08511B8CE64900C26E91 /* CopyFiles */,
				698C07F01B8BA7A400C26E91 /* Copy Files */,
				691278131C25E4BF006A7834 /* CopyFiles */,
				691278701C25E92A006A7834 /* CopyFiles */,
				69A8DB4A1C233072009CB966 /* ShellScript */,
			);
			buildRules = (
			);
			dependencies = (
			);
			name = hmsl;
			productName = hmsl;
			productReference = 6972FB3E1A9A996B0008E2E4 /* hmsl.app */;
			productType = "com.apple.product-type.application";
		};
		6985AB9A1A785350003BC422 /* HMSL-OSX */ = {
			isa = PBXNativeTarget;
			buildConfigurationList = 6985ABA21A785350003BC422 /* Build configuration list for PBXNativeTarget "HMSL-OSX" */;
			buildPhases = (
				6985AB971A785350003BC422 /* Sources */,
				6985AB981A785350003BC422 /* Frameworks */,
			);
			buildRules = (
			);
			dependencies = (
			);
			name = "HMSL-OSX";
			productName = "HMSL-OSX";
			productReference = 6985AB9B1A785350003BC422 /* HMSL-OSX */;
			productType = "com.apple.product-type.tool";
		};
/* End PBXNativeTarget section */

/* Begin PBXProject section */
		6985AB931A785350003BC422 /* Project object */ = {
			isa = PBXProject;
			attributes = {
				LastUpgradeCheck = 0630;
				ORGANIZATIONNAME = 3DO;
				TargetAttributes = {
					6972FB3D1A9A996B0008E2E4 = {
						CreatedOnToolsVersion = 6.1.1;
					};
					6985AB9A1A785350003BC422 = {
						CreatedOnToolsVersion = 6.1.1;
					};
				};
			};
			buildConfigurationList = 6985AB961A785350003BC422 /* Build configuration list for PBXProject "HMSL-OSX" */;
			compatibilityVersion = "Xcode 3.2";
			developmentRegion = English;
			hasScannedForEncodings = 0;
			knownRegions = (
				en,
				Base,
			);
			mainGroup = 6985AB921A785350003BC422;
			productRefGroup = 6985AB9C1A785350003BC422 /* Products */;
			projectDirPath = "";
			projectRoot = "";
			targets = (
				6985AB9A1A785350003BC422 /* HMSL-OSX */,
				6972FB3D1A9A996B0008E2E4 /* hmsl */,
			);
		};
/* End PBXProject section */

/* Begin PBXResourcesBuildPhase section */
		6972FB3C1A9A996B0008E2E4 /* Resources */ = {
			isa = PBXResourcesBuildPhase;
			buildActionMask = 2147483647;
			files = (
				691278801C272F8B006A7834 /* hmsl.icns in Resources */,
				698C07F51B8BAECA00C26E91 /* MainMenu.xib in Resources */,
			);
			runOnlyForDeploymentPostprocessing = 0;
		};
/* End PBXResourcesBuildPhase section */

/* Begin PBXShellScriptBuildPhase section */
		69A8DB4A1C233072009CB966 /* ShellScript */ = {
			isa = PBXShellScriptBuildPhase;
			buildActionMask = 12;
			files = (
			);
			inputPaths = (
			);
			outputPaths = (
			);
			runOnlyForDeploymentPostprocessing = 0;
			shellPath = /bin/sh;
			shellScript = "# build name of executable inside the application package\ncd $TARGET_BUILD_DIR/$EXECUTABLE_FOLDER_PATH\n./$EXECUTABLE_NAME -dpforth_system.dic fth/make_hmsl.fth\nrm -rd fth tools\nrm pforth_system.dic\nmv pforth.dic $TARGET_BUILD_DIR\n";
		};
/* End PBXShellScriptBuildPhase section */

/* Begin PBXSourcesBuildPhase section */
		6985AB971A785350003BC422 /* Sources */ = {
			isa = PBXSourcesBuildPhase;
			buildActionMask = 2147483647;
			files = (
				6985ABDB1A785636003BC422 /* hmsl.c in Sources */,
				6985ABE11A785941003BC422 /* hmsl_gui.c in Sources */,
				6985ABDE1A785731003BC422 /* hmsl_midi.m in Sources */,
				6972FB7D1A9AE25A0008E2E4 /* HMSLView.m in Sources */,
				6972FB391A9A98D10008E2E4 /* hmsl_main.m in Sources */,
				691894171B8699CC0091AAF3 /* hmsl_cocoa_glue.m in Sources */,
				6972FB601A9A99970008E2E4 /* HMSLApplication.m in Sources */,
				692DBB931B754FBC009F889B /* HMSLWindow.m in Sources */,
				6972FAD81A9A65CD0008E2E4 /* HMSLDelegate.m in Sources */,
				6972FB791A9AAE6B0008E2E4 /* HMSLRunner.m in Sources */,
				6972FAE01A9A7BDE0008E2E4 /* HMSLWindowDelegate.m in Sources */,
				6985ABD31A785472003BC422 /* pf_save.c in Sources */,
				6985ABD21A785472003BC422 /* pf_mem.c in Sources */,
				6985ABCD1A785472003BC422 /* pf_core.c in Sources */,
				6985ABD81A785472003BC422 /* pf_io_posix.c in Sources */,
				6985ABD41A785472003BC422 /* pf_text.c in Sources */,
				6985ABCB1A785472003BC422 /* pf_cglue.c in Sources */,
				6985ABCF1A785472003BC422 /* pf_io_none.c in Sources */,
				6985ABCC1A785472003BC422 /* pf_clib.c in Sources */,
				6985ABCE1A785472003BC422 /* pf_inner.c in Sources */,
				6985ABD01A785472003BC422 /* pf_io.c in Sources */,
				6985ABD61A785472003BC422 /* pfcompil.c in Sources */,
				6985ABD51A785472003BC422 /* pf_words.c in Sources */,
			);
			runOnlyForDeploymentPostprocessing = 0;
		};
		698C07F81B8BB25000C26E91 /* Sources */ = {
			isa = PBXSourcesBuildPhase;
			buildActionMask = 2147483647;
			files = (
				698C08161B8BB2FE00C26E91 /* pf_words.c in Sources */,
				698C08141B8BB2F400C26E91 /* pf_io_none.c in Sources */,
				698C08151B8BB2F400C26E91 /* pfcompil.c in Sources */,
				698C08101B8BB2DF00C26E91 /* pf_cglue.c in Sources */,
				698C08111B8BB2DF00C26E91 /* pf_clib.c in Sources */,
				698C08121B8BB2DF00C26E91 /* pf_inner.c in Sources */,
				698C08131B8BB2DF00C26E91 /* pf_io.c in Sources */,
				698C080B1B8BB2C500C26E91 /* pf_core.c in Sources */,
				698C080C1B8BB2C500C26E91 /* pf_mem.c in Sources */,
				698C080D1B8BB2C500C26E91 /* pf_save.c in Sources */,
				698C080E1B8BB2C500C26E91 /* pf_text.c in Sources */,
				698C080F1B8BB2C500C26E91 /* pf_io_posix.c in Sources */,
				698C07FA1B8BB26800C26E91 /* hmsl.c in Sources */,
				698C07FB1B8BB26800C26E91 /* hmsl_gui.c in Sources */,
				698C08181B8BB3B900C26E91 /* hmsl_bundle_main.m in Sources */,
				698C07FD1B8BB26800C26E91 /* hmsl_midi.m in Sources */,
				698C07FE1B8BB26800C26E91 /* hmsl_cocoa_glue.m in Sources */,
				698C08001B8BB26800C26E91 /* HMSLDelegate.m in Sources */,
				698C08021B8BB26800C26E91 /* HMSLApplication.m in Sources */,
				698C08041B8BB26800C26E91 /* HMSLWindow.m in Sources */,
				698C08061B8BB26800C26E91 /* HMSLWindowDelegate.m in Sources */,
				698C08081B8BB26800C26E91 /* HMSLRunner.m in Sources */,
				698C080A1B8BB26800C26E91 /* HMSLView.m in Sources */,
			);
			runOnlyForDeploymentPostprocessing = 0;
		};
/* End PBXSourcesBuildPhase section */

/* Begin PBXVariantGroup section */
		6972FB491A9A996B0008E2E4 /* MainMenu.xib */ = {
			isa = PBXVariantGroup;
			children = (
				6972FB4A1A9A996B0008E2E4 /* Base */,
			);
			name = MainMenu.xib;
			path = ../hmsl;
			sourceTree = "<group>";
		};
/* End PBXVariantGroup section */

/* Begin XCBuildConfiguration section */
		6972FB591A9A996B0008E2E4 /* Debug */ = {
			isa = XCBuildConfiguration;
			buildSettings = {
				ARCHS = "$(ARCHS_STANDARD_32_BIT)";
				ASSETCATALOG_COMPILER_APPICON_NAME = AppIcon;
				CLANG_ENABLE_OBJC_ARC = NO;
				COMBINE_HIDPI_IMAGES = YES;
				DEPLOYMENT_POSTPROCESSING = NO;
				GCC_PREPROCESSOR_DEFINITIONS = (
					"DEBUG=1",
					"$(inherited)",
				);
				INFOPLIST_FILE = hmsl/Info.plist;
				LD_RUNPATH_SEARCH_PATHS = "$(inherited) @executable_path/../Frameworks";
				MACOSX_DEPLOYMENT_TARGET = 10.8;
				ONLY_ACTIVE_ARCH = YES;
				PF_DEFAULT_DICTIONARY = "\"hmsl.dic\"";
				PRODUCT_NAME = "$(TARGET_NAME)";
				VALID_ARCHS = "i386 x86_64";
			};
			name = Debug;
		};
		6972FB5A1A9A996B0008E2E4 /* Release */ = {
			isa = XCBuildConfiguration;
			buildSettings = {
				ARCHS = "$(ARCHS_STANDARD_32_BIT)";
				ASSETCATALOG_COMPILER_APPICON_NAME = AppIcon;
				CLANG_ENABLE_OBJC_ARC = NO;
				COMBINE_HIDPI_IMAGES = YES;
				DEPLOYMENT_POSTPROCESSING = NO;
				INFOPLIST_FILE = hmsl/Info.plist;
				LD_RUNPATH_SEARCH_PATHS = "$(inherited) @executable_path/../Frameworks";
				MACOSX_DEPLOYMENT_TARGET = 10.8;
				ONLY_ACTIVE_ARCH = YES;
				PF_DEFAULT_DICTIONARY = "\"hmsl.dic\"";
				PRODUCT_NAME = "$(TARGET_NAME)";
				VALID_ARCHS = "i386 x86_64";
			};
			name = Release;
		};
		6985ABA01A785350003BC422 /* Debug */ = {
			isa = XCBuildConfiguration;
			buildSettings = {
				ALWAYS_SEARCH_USER_PATHS = YES;
				ARCHS = "$(ARCHS_STANDARD_32_BIT)";
				CLANG_CXX_LANGUAGE_STANDARD = "gnu++0x";
				CLANG_CXX_LIBRARY = "libc++";
				CLANG_ENABLE_MODULES = YES;
				CLANG_ENABLE_OBJC_ARC = YES;
				CLANG_WARN_BOOL_CONVERSION = YES;
				CLANG_WARN_CONSTANT_CONVERSION = YES;
				CLANG_WARN_DIRECT_OBJC_ISA_USAGE = YES_ERROR;
				CLANG_WARN_EMPTY_BODY = YES;
				CLANG_WARN_ENUM_CONVERSION = YES;
				CLANG_WARN_INT_CONVERSION = YES;
				CLANG_WARN_OBJC_ROOT_CLASS = YES_ERROR;
				CLANG_WARN_UNREACHABLE_CODE = YES;
				CLANG_WARN__DUPLICATE_METHOD_MATCH = YES;
				COPY_PHASE_STRIP = NO;
				ENABLE_STRICT_OBJC_MSGSEND = YES;
				GCC_C_LANGUAGE_STANDARD = gnu99;
				GCC_DYNAMIC_NO_PIC = NO;
				GCC_OPTIMIZATION_LEVEL = 0;
				GCC_PREPROCESSOR_DEFINITIONS = (
					"DEBUG=1",
					"$(inherited)",
				);
				GCC_SYMBOLS_PRIVATE_EXTERN = NO;
				GCC_WARN_64_TO_32_BIT_CONVERSION = YES;
				GCC_WARN_ABOUT_RETURN_TYPE = YES_ERROR;
				GCC_WARN_UNDECLARED_SELECTOR = YES;
				GCC_WARN_UNINITIALIZED_AUTOS = YES_AGGRESSIVE;
				GCC_WARN_UNUSED_FUNCTION = YES;
				GCC_WARN_UNUSED_VARIABLE = YES;
				MACOSX_DEPLOYMENT_TARGET = 10.4;
				MTL_ENABLE_DEBUG_INFO = YES;
				ONLY_ACTIVE_ARCH = YES;
				SDKROOT = macosx;
			};
			name = Debug;
		};
		6985ABA11A785350003BC422 /* Release */ = {
			isa = XCBuildConfiguration;
			buildSettings = {
				ALWAYS_SEARCH_USER_PATHS = YES;
				ARCHS = "$(ARCHS_STANDARD_32_BIT)";
				CLANG_CXX_LANGUAGE_STANDARD = "gnu++0x";
				CLANG_CXX_LIBRARY = "libc++";
				CLANG_ENABLE_MODULES = YES;
				CLANG_ENABLE_OBJC_ARC = YES;
				CLANG_WARN_BOOL_CONVERSION = YES;
				CLANG_WARN_CONSTANT_CONVERSION = YES;
				CLANG_WARN_DIRECT_OBJC_ISA_USAGE = YES_ERROR;
				CLANG_WARN_EMPTY_BODY = YES;
				CLANG_WARN_ENUM_CONVERSION = YES;
				CLANG_WARN_INT_CONVERSION = YES;
				CLANG_WARN_OBJC_ROOT_CLASS = YES_ERROR;
				CLANG_WARN_UNREACHABLE_CODE = YES;
				CLANG_WARN__DUPLICATE_METHOD_MATCH = YES;
				COPY_PHASE_STRIP = YES;
				DEBUG_INFORMATION_FORMAT = "dwarf-with-dsym";
				ENABLE_NS_ASSERTIONS = NO;
				ENABLE_STRICT_OBJC_MSGSEND = YES;
				GCC_C_LANGUAGE_STANDARD = gnu99;
				GCC_WARN_64_TO_32_BIT_CONVERSION = YES;
				GCC_WARN_ABOUT_RETURN_TYPE = YES_ERROR;
				GCC_WARN_UNDECLARED_SELECTOR = YES;
				GCC_WARN_UNINITIALIZED_AUTOS = YES_AGGRESSIVE;
				GCC_WARN_UNUSED_FUNCTION = YES;
				GCC_WARN_UNUSED_VARIABLE = YES;
				MACOSX_DEPLOYMENT_TARGET = 10.4;
				MTL_ENABLE_DEBUG_INFO = NO;
				SDKROOT = macosx;
			};
			name = Release;
		};
		6985ABA31A785350003BC422 /* Debug */ = {
			isa = XCBuildConfiguration;
			buildSettings = {
				ARCHS = "$(ARCHS_STANDARD_32_BIT)";
				CLANG_ENABLE_OBJC_ARC = NO;
				DPF_USER_CUSTOM = pf_hmsl.c;
				MACOSX_DEPLOYMENT_TARGET = 10.4;
				PF_DEFAULT_DICTIONARY = "\"hmsl.dic\"";
				PRODUCT_NAME = "$(TARGET_NAME)";
				SDKROOT = macosx;
			};
			name = Debug;
		};
		6985ABA41A785350003BC422 /* Release */ = {
			isa = XCBuildConfiguration;
			buildSettings = {
				ARCHS = "$(ARCHS_STANDARD_32_BIT)";
				CLANG_ENABLE_OBJC_ARC = NO;
				DPF_USER_CUSTOM = pf_hmsl.c;
				MACOSX_DEPLOYMENT_TARGET = 10.4;
				PF_DEFAULT_DICTIONARY = "\"hmsl.dic\"";
				PRODUCT_NAME = "$(TARGET_NAME)";
				SDKROOT = macosx;
			};
			name = Release;
		};
/* End XCBuildConfiguration section */

/* Begin XCConfigurationList section */
		6972FB581A9A996B0008E2E4 /* Build configuration list for PBXNativeTarget "hmsl" */ = {
			isa = XCConfigurationList;
			buildConfigurations = (
				6972FB591A9A996B0008E2E4 /* Debug */,
				6972FB5A1A9A996B0008E2E4 /* Release */,
			);
			defaultConfigurationIsVisible = 0;
			defaultConfigurationName = Release;
		};
		6985AB961A785350003BC422 /* Build configuration list for PBXProject "HMSL-OSX" */ = {
			isa = XCConfigurationList;
			buildConfigurations = (
				6985ABA01A785350003BC422 /* Debug */,
				6985ABA11A785350003BC422 /* Release */,
			);
			defaultConfigurationIsVisible = 0;
			defaultConfigurationName = Release;
		};
		6985ABA21A785350003BC422 /* Build configuration list for PBXNativeTarget "HMSL-OSX" */ = {
			isa = XCConfigurationList;
			buildConfigurations = (
				6985ABA31A785350003BC422 /* Debug */,
				6985ABA41A785350003BC422 /* Release */,
			);
			defaultConfigurationIsVisible = 0;
			defaultConfigurationName = Release;
		};
/* End XCConfigurationList section */
	};
	rootObject = 6985AB931A785350003BC422 /* Project object */;
}
