// !$*UTF8*$!
{
	archiveVersion = 1;
	classes = {
	};
	objectVersion = 46;
	objects = {

/* Begin PBXBuildFile section */
		691894171B8699CC0091AAF3 /* hmsl_cocoa_glue.m in Sources */ = {isa = PBXBuildFile; fileRef = 691894161B8699CC0091AAF3 /* hmsl_cocoa_glue.m */; };
		692DBB931B754FBC009F889B /* HMSLWindow.m in Sources */ = {isa = PBXBuildFile; fileRef = 692DBB921B754FBC009F889B /* HMSLWindow.m */; };
		6972FAD81A9A65CD0008E2E4 /* HMSLDelegate.m in Sources */ = {isa = PBXBuildFile; fileRef = 6972FAD71A9A65CD0008E2E4 /* HMSLDelegate.m */; };
		6972FAE01A9A7BDE0008E2E4 /* HMSLWindowDelegate.m in Sources */ = {isa = PBXBuildFile; fileRef = 6972FADF1A9A7BDE0008E2E4 /* HMSLWindowDelegate.m */; };
		6972FB391A9A98D10008E2E4 /* hmsl_main.m in Sources */ = {isa = PBXBuildFile; fileRef = 6972FB381A9A98D10008E2E4 /* hmsl_main.m */; };
		6972FB601A9A99970008E2E4 /* HMSLApplication.m in Sources */ = {isa = PBXBuildFile; fileRef = 6972FB5F1A9A99970008E2E4 /* HMSLApplication.m */; };
		6972FB791A9AAE6B0008E2E4 /* HMSLRunner.m in Sources */ = {isa = PBXBuildFile; fileRef = 6972FB781A9AAE6B0008E2E4 /* HMSLRunner.m */; };
		6972FB7D1A9AE25A0008E2E4 /* HMSLView.m in Sources */ = {isa = PBXBuildFile; fileRef = 6972FB7C1A9AE25A0008E2E4 /* HMSLView.m */; };
		6985ABCB1A785472003BC422 /* pf_cglue.c in Sources */ = {isa = PBXBuildFile; fileRef = 6985ABA81A785472003BC422 /* pf_cglue.c */; };
		6985ABCC1A785472003BC422 /* pf_clib.c in Sources */ = {isa = PBXBuildFile; fileRef = 6985ABAA1A785472003BC422 /* pf_clib.c */; };
		6985ABCD1A785472003BC422 /* pf_core.c in Sources */ = {isa = PBXBuildFile; fileRef = 6985ABAC1A785472003BC422 /* pf_core.c */; };
		6985ABCE1A785472003BC422 /* pf_inner.c in Sources */ = {isa = PBXBuildFile; fileRef = 6985ABB21A785472003BC422 /* pf_inner.c */; };
		6985ABCF1A785472003BC422 /* pf_io_none.c in Sources */ = {isa = PBXBuildFile; fileRef = 6985ABB31A785472003BC422 /* pf_io_none.c */; };
		6985ABD01A785472003BC422 /* pf_io.c in Sources */ = {isa = PBXBuildFile; fileRef = 6985ABB41A785472003BC422 /* pf_io.c */; };
		6985ABD21A785472003BC422 /* pf_mem.c in Sources */ = {isa = PBXBuildFile; fileRef = 6985ABB71A785472003BC422 /* pf_mem.c */; };
		6985ABD31A785472003BC422 /* pf_save.c in Sources */ = {isa = PBXBuildFile; fileRef = 6985ABB91A785472003BC422 /* pf_save.c */; };
		6985ABD41A785472003BC422 /* pf_text.c in Sources */ = {isa = PBXBuildFile; fileRef = 6985ABBB1A785472003BC422 /* pf_text.c */; };
		6985ABD51A785472003BC422 /* pf_words.c in Sources */ = {isa = PBXBuildFile; fileRef = 6985ABBE1A785472003BC422 /* pf_words.c */; };
		6985ABD61A785472003BC422 /* pfcompil.c in Sources */ = {isa = PBXBuildFile; fileRef = 6985ABC11A785472003BC422 /* pfcompil.c */; };
		6985ABD81A785472003BC422 /* pf_io_posix.c in Sources */ = {isa = PBXBuildFile; fileRef = 6985ABC81A785472003BC422 /* pf_io_posix.c */; };
		6985ABDB1A785636003BC422 /* hmsl.c in Sources */ = {isa = PBXBuildFile; fileRef = 6985ABDA1A785636003BC422 /* hmsl.c */; };
		6985ABDE1A785731003BC422 /* hmsl_midi.m in Sources */ = {isa = PBXBuildFile; fileRef = 6985ABDD1A785731003BC422 /* hmsl_midi.m */; };
		6985ABE11A785941003BC422 /* hmsl_gui.c in Sources */ = {isa = PBXBuildFile; fileRef = 6985ABE01A785941003BC422 /* hmsl_gui.c */; };
		698C07F51B8BAECA00C26E91 /* MainMenu.xib in Resources */ = {isa = PBXBuildFile; fileRef = 6972FB491A9A996B0008E2E4 /* MainMenu.xib */; };
		698C07FA1B8BB26800C26E91 /* hmsl.c in Sources */ = {isa = PBXBuildFile; fileRef = 6985ABDA1A785636003BC422 /* hmsl.c */; };
		698C07FB1B8BB26800C26E91 /* hmsl_gui.c in Sources */ = {isa = PBXBuildFile; fileRef = 6985ABE01A785941003BC422 /* hmsl_gui.c */; };
		698C07FD1B8BB26800C26E91 /* hmsl_midi.m in Sources */ = {isa = PBXBuildFile; fileRef = 6985ABDD1A785731003BC422 /* hmsl_midi.m */; };
		698C07FE1B8BB26800C26E91 /* hmsl_cocoa_glue.m in Sources */ = {isa = PBXBuildFile; fileRef = 691894161B8699CC0091AAF3 /* hmsl_cocoa_glue.m */; };
		698C08001B8BB26800C26E91 /* HMSLDelegate.m in Sources */ = {isa = PBXBuildFile; fileRef = 6972FAD71A9A65CD0008E2E4 /* HMSLDelegate.m */; };
		698C08021B8BB26800C26E91 /* HMSLApplication.m in Sources */ = {isa = PBXBuildFile; fileRef = 6972FB5F1A9A99970008E2E4 /* HMSLApplication.m */; };
		698C08041B8BB26800C26E91 /* HMSLWindow.m in Sources */ = {isa = PBXBuildFile; fileRef = 692DBB921B754FBC009F889B /* HMSLWindow.m */; };
		698C08061B8BB26800C26E91 /* HMSLWindowDelegate.m in Sources */ = {isa = PBXBuildFile; fileRef = 6972FADF1A9A7BDE0008E2E4 /* HMSLWindowDelegate.m */; };
		698C08081B8BB26800C26E91 /* HMSLRunner.m in Sources */ = {isa = PBXBuildFile; fileRef = 6972FB781A9AAE6B0008E2E4 /* HMSLRunner.m */; };
		698C080A1B8BB26800C26E91 /* HMSLView.m in Sources */ = {isa = PBXBuildFile; fileRef = 6972FB7C1A9AE25A0008E2E4 /* HMSLView.m */; };
		698C080B1B8BB2C500C26E91 /* pf_core.c in Sources */ = {isa = PBXBuildFile; fileRef = 6985ABAC1A785472003BC422 /* pf_core.c */; };
		698C080C1B8BB2C500C26E91 /* pf_mem.c in Sources */ = {isa = PBXBuildFile; fileRef = 6985ABB71A785472003BC422 /* pf_mem.c */; };
		698C080D1B8BB2C500C26E91 /* pf_save.c in Sources */ = {isa = PBXBuildFile; fileRef = 6985ABB91A785472003BC422 /* pf_save.c */; };
		698C080E1B8BB2C500C26E91 /* pf_text.c in Sources */ = {isa = PBXBuildFile; fileRef = 6985ABBB1A785472003BC422 /* pf_text.c */; };
		698C080F1B8BB2C500C26E91 /* pf_io_posix.c in Sources */ = {isa = PBXBuildFile; fileRef = 6985ABC81A785472003BC422 /* pf_io_posix.c */; };
		698C08101B8BB2DF00C26E91 /* pf_cglue.c in Sources */ = {isa = PBXBuildFile; fileRef = 6985ABA81A785472003BC422 /* pf_cglue.c */; };
		698C08111B8BB2DF00C26E91 /* pf_clib.c in Sources */ = {isa = PBXBuildFile; fileRef = 6985ABAA1A785472003BC422 /* pf_clib.c */; };
		698C08121B8BB2DF00C26E91 /* pf_inner.c in Sources */ = {isa = PBXBuildFile; fileRef = 6985ABB21A785472003BC422 /* pf_inner.c */; };
		698C08131B8BB2DF00C26E91 /* pf_io.c in Sources */ = {isa = PBXBuildFile; fileRef = 6985ABB41A785472003BC422 /* pf_io.c */; };
		698C08141B8BB2F400C26E91 /* pf_io_none.c in Sources */ = {isa = PBXBuildFile; fileRef = 6985ABB31A785472003BC422 /* pf_io_none.c */; };
		698C08151B8BB2F400C26E91 /* pfcompil.c in Sources */ = {isa = PBXBuildFile; fileRef = 6985ABC11A785472003BC422 /* pfcompil.c */; };
		698C08161B8BB2FE00C26E91 /* pf_words.c in Sources */ = {isa = PBXBuildFile; fileRef = 6985ABBE1A785472003BC422 /* pf_words.c */; };
		698C08181B8BB3B900C26E91 /* hmsl_bundle_main.m in Sources */ = {isa = PBXBuildFile; fileRef = 698C08171B8BB3B900C26E91 /* hmsl_bundle_main.m */; };
		698C084C1B8CE01E00C26E91 /* pforth.dic in Copy Files */ = {isa = PBXBuildFile; fileRef = 698C08461B8CE00E00C26E91 /* pforth.dic */; };
		698C084D1B8CE01E00C26E91 /* start_hmsl.sh in Copy Files */ = {isa = PBXBuildFile; fileRef = 698C08471B8CE00E00C26E91 /* start_hmsl.sh */; };
		698C084E1B8CE01E00C26E91 /* runner.sh in Copy Files */ = {isa = PBXBuildFile; fileRef = 698C08481B8CE00E00C26E91 /* runner.sh */; };
/* End PBXBuildFile section */

/* Begin PBXCopyFilesBuildPhase section */
		698C07F01B8BA7A400C26E91 /* Copy Files */ = {
			isa = PBXCopyFilesBuildPhase;
			buildActionMask = 2147483647;
			dstPath = "";
			dstSubfolderSpec = 6;
			files = (
				698C084C1B8CE01E00C26E91 /* pforth.dic in Copy Files */,
				698C084D1B8CE01E00C26E91 /* start_hmsl.sh in Copy Files */,
				698C084E1B8CE01E00C26E91 /* runner.sh in Copy Files */,
			);
			name = "Copy Files";
			runOnlyForDeploymentPostprocessing = 0;
		};
/* End PBXCopyFilesBuildPhase section */

/* Begin PBXFileReference section */
		691894161B8699CC0091AAF3 /* hmsl_cocoa_glue.m */ = {isa = PBXFileReference; fileEncoding = 4; lastKnownFileType = sourcecode.c.objc; path = hmsl_cocoa_glue.m; sourceTree = "<group>"; };
		692DBB911B754FBC009F889B /* HMSLWindow.h */ = {isa = PBXFileReference; fileEncoding = 4; lastKnownFileType = sourcecode.c.h; path = HMSLWindow.h; sourceTree = "<group>"; };
		692DBB921B754FBC009F889B /* HMSLWindow.m */ = {isa = PBXFileReference; fileEncoding = 4; lastKnownFileType = sourcecode.c.objc; path = HMSLWindow.m; sourceTree = "<group>"; };
		6972FAD61A9A65CD0008E2E4 /* HMSLDelegate.h */ = {isa = PBXFileReference; fileEncoding = 4; lastKnownFileType = sourcecode.c.h; path = HMSLDelegate.h; sourceTree = "<group>"; };
		6972FAD71A9A65CD0008E2E4 /* HMSLDelegate.m */ = {isa = PBXFileReference; fileEncoding = 4; lastKnownFileType = sourcecode.c.objc; path = HMSLDelegate.m; sourceTree = "<group>"; };
		6972FADE1A9A7BDE0008E2E4 /* HMSLWindowDelegate.h */ = {isa = PBXFileReference; fileEncoding = 4; lastKnownFileType = sourcecode.c.h; path = HMSLWindowDelegate.h; sourceTree = "<group>"; };
		6972FADF1A9A7BDE0008E2E4 /* HMSLWindowDelegate.m */ = {isa = PBXFileReference; fileEncoding = 4; lastKnownFileType = sourcecode.c.objc; path = HMSLWindowDelegate.m; sourceTree = "<group>"; };
		6972FB381A9A98D10008E2E4 /* hmsl_main.m */ = {isa = PBXFileReference; fileEncoding = 4; lastKnownFileType = sourcecode.c.objc; path = hmsl_main.m; sourceTree = "<group>"; };
		6972FB3E1A9A996B0008E2E4 /* hmsl.app */ = {isa = PBXFileReference; explicitFileType = wrapper.application; includeInIndex = 0; path = hmsl.app; sourceTree = BUILT_PRODUCTS_DIR; };
		6972FB411A9A996B0008E2E4 /* Info.plist */ = {isa = PBXFileReference; lastKnownFileType = text.plist.xml; name = Info.plist; path = ../hmsl/Info.plist; sourceTree = "<group>"; };
		6972FB4A1A9A996B0008E2E4 /* Base */ = {isa = PBXFileReference; lastKnownFileType = file.xib; name = Base; path = Base.lproj/MainMenu.xib; sourceTree = "<group>"; };
		6972FB5E1A9A99970008E2E4 /* HMSLApplication.h */ = {isa = PBXFileReference; fileEncoding = 4; lastKnownFileType = sourcecode.c.h; path = HMSLApplication.h; sourceTree = "<group>"; };
		6972FB5F1A9A99970008E2E4 /* HMSLApplication.m */ = {isa = PBXFileReference; fileEncoding = 4; lastKnownFileType = sourcecode.c.objc; path = HMSLApplication.m; sourceTree = "<group>"; };
		6972FB771A9AAE6B0008E2E4 /* HMSLRunner.h */ = {isa = PBXFileReference; fileEncoding = 4; lastKnownFileType = sourcecode.c.h; path = HMSLRunner.h; sourceTree = "<group>"; };
		6972FB781A9AAE6B0008E2E4 /* HMSLRunner.m */ = {isa = PBXFileReference; fileEncoding = 4; lastKnownFileType = sourcecode.c.objc; path = HMSLRunner.m; sourceTree = "<group>"; };
		6972FB7B1A9AE25A0008E2E4 /* HMSLView.h */ = {isa = PBXFileReference; fileEncoding = 4; lastKnownFileType = sourcecode.c.h; path = HMSLView.h; sourceTree = "<group>"; };
		6972FB7C1A9AE25A0008E2E4 /* HMSLView.m */ = {isa = PBXFileReference; fileEncoding = 4; lastKnownFileType = sourcecode.c.objc; path = HMSLView.m; sourceTree = "<group>"; };
		6985AB9B1A785350003BC422 /* HMSL-OSX */ = {isa = PBXFileReference; explicitFileType = "compiled.mach-o.executable"; includeInIndex = 0; path = "HMSL-OSX"; sourceTree = BUILT_PRODUCTS_DIR; };
		6985ABA71A785472003BC422 /* pf_all.h */ = {isa = PBXFileReference; fileEncoding = 4; lastKnownFileType = sourcecode.c.h; path = pf_all.h; sourceTree = "<group>"; };
		6985ABA81A785472003BC422 /* pf_cglue.c */ = {isa = PBXFileReference; fileEncoding = 4; lastKnownFileType = sourcecode.c.c; path = pf_cglue.c; sourceTree = "<group>"; };
		6985ABA91A785472003BC422 /* pf_cglue.h */ = {isa = PBXFileReference; fileEncoding = 4; lastKnownFileType = sourcecode.c.h; path = pf_cglue.h; sourceTree = "<group>"; };
		6985ABAA1A785472003BC422 /* pf_clib.c */ = {isa = PBXFileReference; fileEncoding = 4; lastKnownFileType = sourcecode.c.c; path = pf_clib.c; sourceTree = "<group>"; };
		6985ABAB1A785472003BC422 /* pf_clib.h */ = {isa = PBXFileReference; fileEncoding = 4; lastKnownFileType = sourcecode.c.h; path = pf_clib.h; sourceTree = "<group>"; };
		6985ABAC1A785472003BC422 /* pf_core.c */ = {isa = PBXFileReference; fileEncoding = 4; lastKnownFileType = sourcecode.c.c; path = pf_core.c; sourceTree = "<group>"; };
		6985ABAD1A785472003BC422 /* pf_core.h */ = {isa = PBXFileReference; fileEncoding = 4; lastKnownFileType = sourcecode.c.h; path = pf_core.h; sourceTree = "<group>"; };
		6985ABAE1A785472003BC422 /* pf_float.h */ = {isa = PBXFileReference; fileEncoding = 4; lastKnownFileType = sourcecode.c.h; path = pf_float.h; sourceTree = "<group>"; };
		6985ABAF1A785472003BC422 /* pf_guts.h */ = {isa = PBXFileReference; fileEncoding = 4; lastKnownFileType = sourcecode.c.h; path = pf_guts.h; sourceTree = "<group>"; };
		6985ABB01A785472003BC422 /* pf_host.h */ = {isa = PBXFileReference; fileEncoding = 4; lastKnownFileType = sourcecode.c.h; path = pf_host.h; sourceTree = "<group>"; };
		6985ABB11A785472003BC422 /* pf_inc1.h */ = {isa = PBXFileReference; fileEncoding = 4; lastKnownFileType = sourcecode.c.h; path = pf_inc1.h; sourceTree = "<group>"; };
		6985ABB21A785472003BC422 /* pf_inner.c */ = {isa = PBXFileReference; fileEncoding = 4; lastKnownFileType = sourcecode.c.c; path = pf_inner.c; sourceTree = "<group>"; };
		6985ABB31A785472003BC422 /* pf_io_none.c */ = {isa = PBXFileReference; fileEncoding = 4; lastKnownFileType = sourcecode.c.c; path = pf_io_none.c; sourceTree = "<group>"; };
		6985ABB41A785472003BC422 /* pf_io.c */ = {isa = PBXFileReference; fileEncoding = 4; lastKnownFileType = sourcecode.c.c; path = pf_io.c; sourceTree = "<group>"; };
		6985ABB51A785472003BC422 /* pf_io.h */ = {isa = PBXFileReference; fileEncoding = 4; lastKnownFileType = sourcecode.c.h; path = pf_io.h; sourceTree = "<group>"; };
		6985ABB61A785472003BC422 /* pf_main.c */ = {isa = PBXFileReference; fileEncoding = 4; lastKnownFileType = sourcecode.c.c; path = pf_main.c; sourceTree = "<group>"; };
		6985ABB71A785472003BC422 /* pf_mem.c */ = {isa = PBXFileReference; fileEncoding = 4; lastKnownFileType = sourcecode.c.c; path = pf_mem.c; sourceTree = "<group>"; };
		6985ABB81A785472003BC422 /* pf_mem.h */ = {isa = PBXFileReference; fileEncoding = 4; lastKnownFileType = sourcecode.c.h; path = pf_mem.h; sourceTree = "<group>"; };
		6985ABB91A785472003BC422 /* pf_save.c */ = {isa = PBXFileReference; fileEncoding = 4; lastKnownFileType = sourcecode.c.c; path = pf_save.c; sourceTree = "<group>"; };
		6985ABBA1A785472003BC422 /* pf_save.h */ = {isa = PBXFileReference; fileEncoding = 4; lastKnownFileType = sourcecode.c.h; path = pf_save.h; sourceTree = "<group>"; };
		6985ABBB1A785472003BC422 /* pf_text.c */ = {isa = PBXFileReference; fileEncoding = 4; lastKnownFileType = sourcecode.c.c; path = pf_text.c; sourceTree = "<group>"; };
		6985ABBC1A785472003BC422 /* pf_text.h */ = {isa = PBXFileReference; fileEncoding = 4; lastKnownFileType = sourcecode.c.h; path = pf_text.h; sourceTree = "<group>"; };
		6985ABBD1A785472003BC422 /* pf_types.h */ = {isa = PBXFileReference; fileEncoding = 4; lastKnownFileType = sourcecode.c.h; path = pf_types.h; sourceTree = "<group>"; };
		6985ABBE1A785472003BC422 /* pf_words.c */ = {isa = PBXFileReference; fileEncoding = 4; lastKnownFileType = sourcecode.c.c; path = pf_words.c; sourceTree = "<group>"; };
		6985ABBF1A785472003BC422 /* pf_words.h */ = {isa = PBXFileReference; fileEncoding = 4; lastKnownFileType = sourcecode.c.h; path = pf_words.h; sourceTree = "<group>"; };
		6985ABC01A785472003BC422 /* pfcompfp.h */ = {isa = PBXFileReference; fileEncoding = 4; lastKnownFileType = sourcecode.c.h; path = pfcompfp.h; sourceTree = "<group>"; };
		6985ABC11A785472003BC422 /* pfcompil.c */ = {isa = PBXFileReference; fileEncoding = 4; lastKnownFileType = sourcecode.c.c; path = pfcompil.c; sourceTree = "<group>"; };
		6985ABC21A785472003BC422 /* pfcompil.h */ = {isa = PBXFileReference; fileEncoding = 4; lastKnownFileType = sourcecode.c.h; path = pfcompil.h; sourceTree = "<group>"; };
		6985ABC41A785472003BC422 /* pfdicdat_arm.h */ = {isa = PBXFileReference; fileEncoding = 4; lastKnownFileType = sourcecode.c.h; path = pfdicdat_arm.h; sourceTree = "<group>"; };
		6985ABC51A785472003BC422 /* pfinnrfp.h */ = {isa = PBXFileReference; fileEncoding = 4; lastKnownFileType = sourcecode.c.h; path = pfinnrfp.h; sourceTree = "<group>"; };
		6985ABC61A785472003BC422 /* pforth.h */ = {isa = PBXFileReference; fileEncoding = 4; lastKnownFileType = sourcecode.c.h; path = pforth.h; sourceTree = "<group>"; };
		6985ABC81A785472003BC422 /* pf_io_posix.c */ = {isa = PBXFileReference; fileEncoding = 4; lastKnownFileType = sourcecode.c.c; path = pf_io_posix.c; sourceTree = "<group>"; };
		6985ABCA1A785472003BC422 /* pf_io_stdio.c */ = {isa = PBXFileReference; fileEncoding = 4; lastKnownFileType = sourcecode.c.c; path = pf_io_stdio.c; sourceTree = "<group>"; };
		6985ABDA1A785636003BC422 /* hmsl.c */ = {isa = PBXFileReference; fileEncoding = 4; lastKnownFileType = sourcecode.c.c; path = hmsl.c; sourceTree = "<group>"; };
		6985ABDC1A7856BD003BC422 /* hmsl.h */ = {isa = PBXFileReference; lastKnownFileType = sourcecode.c.h; path = hmsl.h; sourceTree = "<group>"; };
		6985ABDD1A785731003BC422 /* hmsl_midi.m */ = {isa = PBXFileReference; fileEncoding = 4; lastKnownFileType = sourcecode.c.objc; path = hmsl_midi.m; sourceTree = "<group>"; };
		6985ABE01A785941003BC422 /* hmsl_gui.c */ = {isa = PBXFileReference; fileEncoding = 4; lastKnownFileType = sourcecode.c.c; path = hmsl_gui.c; sourceTree = "<group>"; };
		698C08171B8BB3B900C26E91 /* hmsl_bundle_main.m */ = {isa = PBXFileReference; fileEncoding = 4; lastKnownFileType = sourcecode.c.objc; path = hmsl_bundle_main.m; sourceTree = "<group>"; };
		698C08461B8CE00E00C26E91 /* pforth.dic */ = {isa = PBXFileReference; lastKnownFileType = file; path = pforth.dic; sourceTree = "<group>"; };
		698C08471B8CE00E00C26E91 /* start_hmsl.sh */ = {isa = PBXFileReference; fileEncoding = 4; lastKnownFileType = text.script.sh; path = start_hmsl.sh; sourceTree = "<group>"; };
		698C08481B8CE00E00C26E91 /* runner.sh */ = {isa = PBXFileReference; fileEncoding = 4; lastKnownFileType = text.script.sh; path = runner.sh; sourceTree = "<group>"; };
/* End PBXFileReference section */

/* Begin PBXFrameworksBuildPhase section */
		6972FB3B1A9A996B0008E2E4 /* Frameworks */ = {
			isa = PBXFrameworksBuildPhase;
			buildActionMask = 2147483647;
			files = (
			);
			runOnlyForDeploymentPostprocessing = 0;
		};
		6985AB981A785350003BC422 /* Frameworks */ = {
			isa = PBXFrameworksBuildPhase;
			buildActionMask = 2147483647;
			files = (
			);
			runOnlyForDeploymentPostprocessing = 0;
		};
/* End PBXFrameworksBuildPhase section */

/* Begin PBXGroup section */
		6972FB611A9A9B9A0008E2E4 /* Supporting Files */ = {
			isa = PBXGroup;
			children = (
				698C08461B8CE00E00C26E91 /* pforth.dic */,
				698C08471B8CE00E00C26E91 /* start_hmsl.sh */,
				698C08481B8CE00E00C26E91 /* runner.sh */,
				6972FB491A9A996B0008E2E4 /* MainMenu.xib */,
				6972FB411A9A996B0008E2E4 /* Info.plist */,
			);
			name = "Supporting Files";
			sourceTree = "<group>";
		};
		6985AB921A785350003BC422 = {
			isa = PBXGroup;
			children = (
				6985AB9D1A785350003BC422 /* HMSL-OSX */,
				6985AB9C1A785350003BC422 /* Products */,
			);
			sourceTree = "<group>";
		};
		6985AB9C1A785350003BC422 /* Products */ = {
			isa = PBXGroup;
			children = (
				6985AB9B1A785350003BC422 /* HMSL-OSX */,
				6972FB3E1A9A996B0008E2E4 /* hmsl.app */,
			);
			name = Products;
			sourceTree = "<group>";
		};
		6985AB9D1A785350003BC422 /* HMSL-OSX */ = {
			isa = PBXGroup;
			children = (
				6985ABA61A7853B5003BC422 /* src */,
				6985ABA51A7853AB003BC422 /* pforth */,
			);
			name = "HMSL-OSX";
			sourceTree = SOURCE_ROOT;
		};
		6985ABA51A7853AB003BC422 /* pforth */ = {
			isa = PBXGroup;
			children = (
				6985ABA71A785472003BC422 /* pf_all.h */,
				6985ABA81A785472003BC422 /* pf_cglue.c */,
				6985ABA91A785472003BC422 /* pf_cglue.h */,
				6985ABAA1A785472003BC422 /* pf_clib.c */,
				6985ABAB1A785472003BC422 /* pf_clib.h */,
				6985ABAC1A785472003BC422 /* pf_core.c */,
				6985ABAD1A785472003BC422 /* pf_core.h */,
				6985ABAE1A785472003BC422 /* pf_float.h */,
				6985ABAF1A785472003BC422 /* pf_guts.h */,
				6985ABB01A785472003BC422 /* pf_host.h */,
				6985ABB11A785472003BC422 /* pf_inc1.h */,
				6985ABB21A785472003BC422 /* pf_inner.c */,
				6985ABB31A785472003BC422 /* pf_io_none.c */,
				6985ABB41A785472003BC422 /* pf_io.c */,
				6985ABB51A785472003BC422 /* pf_io.h */,
				6985ABB61A785472003BC422 /* pf_main.c */,
				6985ABB71A785472003BC422 /* pf_mem.c */,
				6985ABB81A785472003BC422 /* pf_mem.h */,
				6985ABB91A785472003BC422 /* pf_save.c */,
				6985ABBA1A785472003BC422 /* pf_save.h */,
				6985ABBB1A785472003BC422 /* pf_text.c */,
				6985ABBC1A785472003BC422 /* pf_text.h */,
				6985ABBD1A785472003BC422 /* pf_types.h */,
				6985ABBE1A785472003BC422 /* pf_words.c */,
				6985ABBF1A785472003BC422 /* pf_words.h */,
				6985ABC01A785472003BC422 /* pfcompfp.h */,
				6985ABC11A785472003BC422 /* pfcompil.c */,
				6985ABC21A785472003BC422 /* pfcompil.h */,
				6985ABC41A785472003BC422 /* pfdicdat_arm.h */,
				6985ABC51A785472003BC422 /* pfinnrfp.h */,
				6985ABC61A785472003BC422 /* pforth.h */,
				6985ABC71A785472003BC422 /* posix */,
				6985ABC91A785472003BC422 /* stdio */,
			);
			name = pforth;
			path = "../../../pforth-xcode/csrc";
			sourceTree = SOURCE_ROOT;
		};
		6985ABA61A7853B5003BC422 /* src */ = {
			isa = PBXGroup;
			children = (
				6972FB611A9A9B9A0008E2E4 /* Supporting Files */,
				6985ABDC1A7856BD003BC422 /* hmsl.h */,
				6985ABDA1A785636003BC422 /* hmsl.c */,
				6985ABE01A785941003BC422 /* hmsl_gui.c */,
				6972FB381A9A98D10008E2E4 /* hmsl_main.m */,
				698C08171B8BB3B900C26E91 /* hmsl_bundle_main.m */,
				6985ABDD1A785731003BC422 /* hmsl_midi.m */,
				691894161B8699CC0091AAF3 /* hmsl_cocoa_glue.m */,
				6972FAD61A9A65CD0008E2E4 /* HMSLDelegate.h */,
				6972FAD71A9A65CD0008E2E4 /* HMSLDelegate.m */,
				6972FB5E1A9A99970008E2E4 /* HMSLApplication.h */,
				6972FB5F1A9A99970008E2E4 /* HMSLApplication.m */,
				692DBB911B754FBC009F889B /* HMSLWindow.h */,
				692DBB921B754FBC009F889B /* HMSLWindow.m */,
				6972FADE1A9A7BDE0008E2E4 /* HMSLWindowDelegate.h */,
				6972FADF1A9A7BDE0008E2E4 /* HMSLWindowDelegate.m */,
				6972FB771A9AAE6B0008E2E4 /* HMSLRunner.h */,
				6972FB781A9AAE6B0008E2E4 /* HMSLRunner.m */,
				6972FB7B1A9AE25A0008E2E4 /* HMSLView.h */,
				6972FB7C1A9AE25A0008E2E4 /* HMSLView.m */,
			);
			path = src;
			sourceTree = "<group>";
		};
		6985ABC71A785472003BC422 /* posix */ = {
			isa = PBXGroup;
			children = (
				6985ABC81A785472003BC422 /* pf_io_posix.c */,
			);
			path = posix;
			sourceTree = "<group>";
		};
		6985ABC91A785472003BC422 /* stdio */ = {
			isa = PBXGroup;
			children = (
				6985ABCA1A785472003BC422 /* pf_io_stdio.c */,
			);
			path = stdio;
			sourceTree = "<group>";
		};
/* End PBXGroup section */

/* Begin PBXNativeTarget section */
		6972FB3D1A9A996B0008E2E4 /* hmsl */ = {
			isa = PBXNativeTarget;
			buildConfigurationList = 6972FB581A9A996B0008E2E4 /* Build configuration list for PBXNativeTarget "hmsl" */;
			buildPhases = (
				698C07F81B8BB25000C26E91 /* Sources */,
				6972FB3B1A9A996B0008E2E4 /* Frameworks */,
				6972FB3C1A9A996B0008E2E4 /* Resources */,
				698C07F01B8BA7A400C26E91 /* Copy Files */,
			);
			buildRules = (
			);
			dependencies = (
			);
			name = hmsl;
			productName = hmsl;
			productReference = 6972FB3E1A9A996B0008E2E4 /* hmsl.app */;
			productType = "com.apple.product-type.application";
		};
		6985AB9A1A785350003BC422 /* HMSL-OSX */ = {
			isa = PBXNativeTarget;
			buildConfigurationList = 6985ABA21A785350003BC422 /* Build configuration list for PBXNativeTarget "HMSL-OSX" */;
			buildPhases = (
				6985AB971A785350003BC422 /* Sources */,
				6985AB981A785350003BC422 /* Frameworks */,
			);
			buildRules = (
			);
			dependencies = (
			);
			name = "HMSL-OSX";
			productName = "HMSL-OSX";
			productReference = 6985AB9B1A785350003BC422 /* HMSL-OSX */;
			productType = "com.apple.product-type.tool";
		};
/* End PBXNativeTarget section */

/* Begin PBXProject section */
		6985AB931A785350003BC422 /* Project object */ = {
			isa = PBXProject;
			attributes = {
				LastUpgradeCheck = 0630;
				ORGANIZATIONNAME = 3DO;
				TargetAttributes = {
					6972FB3D1A9A996B0008E2E4 = {
						CreatedOnToolsVersion = 6.1.1;
					};
					6985AB9A1A785350003BC422 = {
						CreatedOnToolsVersion = 6.1.1;
					};
				};
			};
			buildConfigurationList = 6985AB961A785350003BC422 /* Build configuration list for PBXProject "HMSL-OSX" */;
			compatibilityVersion = "Xcode 3.2";
			developmentRegion = English;
			hasScannedForEncodings = 0;
			knownRegions = (
				en,
				Base,
			);
			mainGroup = 6985AB921A785350003BC422;
			productRefGroup = 6985AB9C1A785350003BC422 /* Products */;
			projectDirPath = "";
			projectRoot = "";
			targets = (
				6985AB9A1A785350003BC422 /* HMSL-OSX */,
				6972FB3D1A9A996B0008E2E4 /* hmsl */,
			);
		};
/* End PBXProject section */

/* Begin PBXResourcesBuildPhase section */
		6972FB3C1A9A996B0008E2E4 /* Resources */ = {
			isa = PBXResourcesBuildPhase;
			buildActionMask = 2147483647;
			files = (
				698C07F51B8BAECA00C26E91 /* MainMenu.xib in Resources */,
			);
			runOnlyForDeploymentPostprocessing = 0;
		};
/* End PBXResourcesBuildPhase section */

/* Begin PBXSourcesBuildPhase section */
		6985AB971A785350003BC422 /* Sources */ = {
			isa = PBXSourcesBuildPhase;
			buildActionMask = 2147483647;
			files = (
				6985ABDB1A785636003BC422 /* hmsl.c in Sources */,
				6985ABE11A785941003BC422 /* hmsl_gui.c in Sources */,
				6985ABDE1A785731003BC422 /* hmsl_midi.m in Sources */,
				6972FB7D1A9AE25A0008E2E4 /* HMSLView.m in Sources */,
				6972FB391A9A98D10008E2E4 /* hmsl_main.m in Sources */,
				691894171B8699CC0091AAF3 /* hmsl_cocoa_glue.m in Sources */,
				6972FB601A9A99970008E2E4 /* HMSLApplication.m in Sources */,
				692DBB931B754FBC009F889B /* HMSLWindow.m in Sources */,
				6972FAD81A9A65CD0008E2E4 /* HMSLDelegate.m in Sources */,
				6972FB791A9AAE6B0008E2E4 /* HMSLRunner.m in Sources */,
				6972FAE01A9A7BDE0008E2E4 /* HMSLWindowDelegate.m in Sources */,
				6985ABD31A785472003BC422 /* pf_save.c in Sources */,
				6985ABD21A785472003BC422 /* pf_mem.c in Sources */,
				6985ABCD1A785472003BC422 /* pf_core.c in Sources */,
				6985ABD81A785472003BC422 /* pf_io_posix.c in Sources */,
				6985ABD41A785472003BC422 /* pf_text.c in Sources */,
				6985ABCB1A785472003BC422 /* pf_cglue.c in Sources */,
				6985ABCF1A785472003BC422 /* pf_io_none.c in Sources */,
				6985ABCC1A785472003BC422 /* pf_clib.c in Sources */,
				6985ABCE1A785472003BC422 /* pf_inner.c in Sources */,
				6985ABD01A785472003BC422 /* pf_io.c in Sources */,
				6985ABD61A785472003BC422 /* pfcompil.c in Sources */,
				6985ABD51A785472003BC422 /* pf_words.c in Sources */,
			);
			runOnlyForDeploymentPostprocessing = 0;
		};
		698C07F81B8BB25000C26E91 /* Sources */ = {
			isa = PBXSourcesBuildPhase;
			buildActionMask = 2147483647;
			files = (
				698C08161B8BB2FE00C26E91 /* pf_words.c in Sources */,
				698C08141B8BB2F400C26E91 /* pf_io_none.c in Sources */,
				698C08151B8BB2F400C26E91 /* pfcompil.c in Sources */,
				698C08101B8BB2DF00C26E91 /* pf_cglue.c in Sources */,
				698C08111B8BB2DF00C26E91 /* pf_clib.c in Sources */,
				698C08121B8BB2DF00C26E91 /* pf_inner.c in Sources */,
				698C08131B8BB2DF00C26E91 /* pf_io.c in Sources */,
				698C080B1B8BB2C500C26E91 /* pf_core.c in Sources */,
				698C080C1B8BB2C500C26E91 /* pf_mem.c in Sources */,
				698C080D1B8BB2C500C26E91 /* pf_save.c in Sources */,
				698C080E1B8BB2C500C26E91 /* pf_text.c in Sources */,
				698C080F1B8BB2C500C26E91 /* pf_io_posix.c in Sources */,
				698C07FA1B8BB26800C26E91 /* hmsl.c in Sources */,
				698C07FB1B8BB26800C26E91 /* hmsl_gui.c in Sources */,
				698C08181B8BB3B900C26E91 /* hmsl_bundle_main.m in Sources */,
				698C07FD1B8BB26800C26E91 /* hmsl_midi.m in Sources */,
				698C07FE1B8BB26800C26E91 /* hmsl_cocoa_glue.m in Sources */,
				698C08001B8BB26800C26E91 /* HMSLDelegate.m in Sources */,
				698C08021B8BB26800C26E91 /* HMSLApplication.m in Sources */,
				698C08041B8BB26800C26E91 /* HMSLWindow.m in Sources */,
				698C08061B8BB26800C26E91 /* HMSLWindowDelegate.m in Sources */,
				698C08081B8BB26800C26E91 /* HMSLRunner.m in Sources */,
				698C080A1B8BB26800C26E91 /* HMSLView.m in Sources */,
			);
			runOnlyForDeploymentPostprocessing = 0;
		};
/* End PBXSourcesBuildPhase section */

/* Begin PBXVariantGroup section */
		6972FB491A9A996B0008E2E4 /* MainMenu.xib */ = {
			isa = PBXVariantGroup;
			children = (
				6972FB4A1A9A996B0008E2E4 /* Base */,
			);
			name = MainMenu.xib;
			path = ../hmsl;
			sourceTree = "<group>";
		};
/* End PBXVariantGroup section */

/* Begin XCBuildConfiguration section */
		6972FB591A9A996B0008E2E4 /* Debug */ = {
			isa = XCBuildConfiguration;
			buildSettings = {
				ASSETCATALOG_COMPILER_APPICON_NAME = AppIcon;
				CLANG_ENABLE_OBJC_ARC = NO;
				COMBINE_HIDPI_IMAGES = YES;
				GCC_PREPROCESSOR_DEFINITIONS = (
					"DEBUG=1",
					"$(inherited)",
				);
				INFOPLIST_FILE = hmsl/Info.plist;
				LD_RUNPATH_SEARCH_PATHS = "$(inherited) @executable_path/../Frameworks";
				MACOSX_DEPLOYMENT_TARGET = 10.8;
				ONLY_ACTIVE_ARCH = NO;
				PF_DEFAULT_DICTIONARY = "\"hmsl.dic\"";
				PRODUCT_NAME = "$(TARGET_NAME)";
				VALID_ARCHS = "i386 x86_64";
			};
			name = Debug;
		};
		6972FB5A1A9A996B0008E2E4 /* Release */ = {
			isa = XCBuildConfiguration;
			buildSettings = {
				ASSETCATALOG_COMPILER_APPICON_NAME = AppIcon;
				CLANG_ENABLE_OBJC_ARC = NO;
				COMBINE_HIDPI_IMAGES = YES;
				INFOPLIST_FILE = hmsl/Info.plist;
				LD_RUNPATH_SEARCH_PATHS = "$(inherited) @executable_path/../Frameworks";
				MACOSX_DEPLOYMENT_TARGET = 10.8;
				PF_DEFAULT_DICTIONARY = "\"hmsl.dic\"";
				PRODUCT_NAME = "$(TARGET_NAME)";
				VALID_ARCHS = "i386 x86_64";
			};
			name = Release;
		};
		6985ABA01A785350003BC422 /* Debug */ = {
			isa = XCBuildConfiguration;
			buildSettings = {
				ALWAYS_SEARCH_USER_PATHS = YES;
				ARCHS = "$(ARCHS_STANDARD_32_BIT)";
				CLANG_CXX_LANGUAGE_STANDARD = "gnu++0x";
				CLANG_CXX_LIBRARY = "libc++";
				CLANG_ENABLE_MODULES = YES;
				CLANG_ENABLE_OBJC_ARC = YES;
				CLANG_WARN_BOOL_CONVERSION = YES;
				CLANG_WARN_CONSTANT_CONVERSION = YES;
				CLANG_WARN_DIRECT_OBJC_ISA_USAGE = YES_ERROR;
				CLANG_WARN_EMPTY_BODY = YES;
				CLANG_WARN_ENUM_CONVERSION = YES;
				CLANG_WARN_INT_CONVERSION = YES;
				CLANG_WARN_OBJC_ROOT_CLASS = YES_ERROR;
				CLANG_WARN_UNREACHABLE_CODE = YES;
				CLANG_WARN__DUPLICATE_METHOD_MATCH = YES;
				COPY_PHASE_STRIP = NO;
				ENABLE_STRICT_OBJC_MSGSEND = YES;
				GCC_C_LANGUAGE_STANDARD = gnu99;
				GCC_DYNAMIC_NO_PIC = NO;
				GCC_OPTIMIZATION_LEVEL = 0;
				GCC_PREPROCESSOR_DEFINITIONS = (
					"DEBUG=1",
					"$(inherited)",
				);
				GCC_SYMBOLS_PRIVATE_EXTERN = NO;
				GCC_WARN_64_TO_32_BIT_CONVERSION = YES;
				GCC_WARN_ABOUT_RETURN_TYPE = YES_ERROR;
				GCC_WARN_UNDECLARED_SELECTOR = YES;
				GCC_WARN_UNINITIALIZED_AUTOS = YES_AGGRESSIVE;
				GCC_WARN_UNUSED_FUNCTION = YES;
				GCC_WARN_UNUSED_VARIABLE = YES;
				MACOSX_DEPLOYMENT_TARGET = 10.4;
				MTL_ENABLE_DEBUG_INFO = YES;
				ONLY_ACTIVE_ARCH = YES;
				SDKROOT = macosx;
			};
			name = Debug;
		};
		6985ABA11A785350003BC422 /* Release */ = {
			isa = XCBuildConfiguration;
			buildSettings = {
				ALWAYS_SEARCH_USER_PATHS = YES;
				ARCHS = "$(ARCHS_STANDARD_32_BIT)";
				CLANG_CXX_LANGUAGE_STANDARD = "gnu++0x";
				CLANG_CXX_LIBRARY = "libc++";
				CLANG_ENABLE_MODULES = YES;
				CLANG_ENABLE_OBJC_ARC = YES;
				CLANG_WARN_BOOL_CONVERSION = YES;
				CLANG_WARN_CONSTANT_CONVERSION = YES;
				CLANG_WARN_DIRECT_OBJC_ISA_USAGE = YES_ERROR;
				CLANG_WARN_EMPTY_BODY = YES;
				CLANG_WARN_ENUM_CONVERSION = YES;
				CLANG_WARN_INT_CONVERSION = YES;
				CLANG_WARN_OBJC_ROOT_CLASS = YES_ERROR;
				CLANG_WARN_UNREACHABLE_CODE = YES;
				CLANG_WARN__DUPLICATE_METHOD_MATCH = YES;
				COPY_PHASE_STRIP = YES;
				DEBUG_INFORMATION_FORMAT = "dwarf-with-dsym";
				ENABLE_NS_ASSERTIONS = NO;
				ENABLE_STRICT_OBJC_MSGSEND = YES;
				GCC_C_LANGUAGE_STANDARD = gnu99;
				GCC_WARN_64_TO_32_BIT_CONVERSION = YES;
				GCC_WARN_ABOUT_RETURN_TYPE = YES_ERROR;
				GCC_WARN_UNDECLARED_SELECTOR = YES;
				GCC_WARN_UNINITIALIZED_AUTOS = YES_AGGRESSIVE;
				GCC_WARN_UNUSED_FUNCTION = YES;
				GCC_WARN_UNUSED_VARIABLE = YES;
				MACOSX_DEPLOYMENT_TARGET = 10.4;
				MTL_ENABLE_DEBUG_INFO = NO;
				SDKROOT = macosx;
			};
			name = Release;
		};
		6985ABA31A785350003BC422 /* Debug */ = {
			isa = XCBuildConfiguration;
			buildSettings = {
				ARCHS = "$(ARCHS_STANDARD_32_BIT)";
				CLANG_ENABLE_OBJC_ARC = NO;
				DPF_USER_CUSTOM = pf_hmsl.c;
				PF_DEFAULT_DICTIONARY = "\"hmsl.dic\"";
				PRODUCT_NAME = "$(TARGET_NAME)";
				SDKROOT = macosx;
			};
			name = Debug;
		};
		6985ABA41A785350003BC422 /* Release */ = {
			isa = XCBuildConfiguration;
			buildSettings = {
				ARCHS = "$(ARCHS_STANDARD_32_BIT)";
				CLANG_ENABLE_OBJC_ARC = NO;
				DPF_USER_CUSTOM = pf_hmsl.c;
				PF_DEFAULT_DICTIONARY = "\"hmsl.dic\"";
				PRODUCT_NAME = "$(TARGET_NAME)";
				SDKROOT = macosx;
			};
			name = Release;
		};
/* End XCBuildConfiguration section */

/* Begin XCConfigurationList section */
		6972FB581A9A996B0008E2E4 /* Build configuration list for PBXNativeTarget "hmsl" */ = {
			isa = XCConfigurationList;
			buildConfigurations = (
				6972FB591A9A996B0008E2E4 /* Debug */,
				6972FB5A1A9A996B0008E2E4 /* Release */,
			);
			defaultConfigurationIsVisible = 0;
			defaultConfigurationName = Release;
		};
		6985AB961A785350003BC422 /* Build configuration list for PBXProject "HMSL-OSX" */ = {
			isa = XCConfigurationList;
			buildConfigurations = (
				6985ABA01A785350003BC422 /* Debug */,
				6985ABA11A785350003BC422 /* Release */,
			);
			defaultConfigurationIsVisible = 0;
			defaultConfigurationName = Release;
		};
		6985ABA21A785350003BC422 /* Build configuration list for PBXNativeTarget "HMSL-OSX" */ = {
			isa = XCConfigurationList;
			buildConfigurations = (
				6985ABA31A785350003BC422 /* Debug */,
				6985ABA41A785350003BC422 /* Release */,
			);
			defaultConfigurationIsVisible = 0;
			defaultConfigurationName = Release;
		};
/* End XCConfigurationList section */
	};
	rootObject = 6985AB931A785350003BC422 /* Project object */;
}
